// !$*UTF8*$!
{
	archiveVersion = 1;
	classes = {
	};
	objectVersion = 46;
	objects = {

/* Begin PBXBuildFile section */
		1A676829180E9C060076BC67 /* libchipmunk Mac.a in Frameworks */ = {isa = PBXBuildFile; fileRef = 1AC6FB4C180E9ACB004C840B /* libchipmunk Mac.a */; };
		1A67682A180E9C060076BC67 /* libcocos2dx Mac.a in Frameworks */ = {isa = PBXBuildFile; fileRef = 1AC6FB48180E9ACB004C840B /* libcocos2dx Mac.a */; };
		1A67682B180E9C060076BC67 /* libcocos2dx-extensions Mac.a in Frameworks */ = {isa = PBXBuildFile; fileRef = 1AC6FB4A180E9ACB004C840B /* libcocos2dx-extensions Mac.a */; };
		1A67682C180E9C060076BC67 /* libCocosDenshion Mac.a in Frameworks */ = {isa = PBXBuildFile; fileRef = 1AC6FB50180E9ACB004C840B /* libCocosDenshion Mac.a */; };
		1A676838180E9C1E0076BC67 /* libchipmunk iOS.a in Frameworks */ = {isa = PBXBuildFile; fileRef = 1AC6FB5A180E9ACB004C840B /* libchipmunk iOS.a */; };
		1A676839180E9C1E0076BC67 /* libcocos2dx iOS.a in Frameworks */ = {isa = PBXBuildFile; fileRef = 1AC6FB56180E9ACB004C840B /* libcocos2dx iOS.a */; };
		1A67683A180E9C1E0076BC67 /* libcocos2dx-extensions iOS.a in Frameworks */ = {isa = PBXBuildFile; fileRef = 1AC6FB58180E9ACB004C840B /* libcocos2dx-extensions iOS.a */; };
		1A67683B180E9C1E0076BC67 /* libCocosDenshion iOS.a in Frameworks */ = {isa = PBXBuildFile; fileRef = 1AC6FB5E180E9ACB004C840B /* libCocosDenshion iOS.a */; };
		1A82F5FB169AC92500C4B13A /* libsqlite3.dylib in Frameworks */ = {isa = PBXBuildFile; fileRef = 1A82F5FA169AC92500C4B13A /* libsqlite3.dylib */; };
		1AC22EDE18CA0E11007112B9 /* project.json in Resources */ = {isa = PBXBuildFile; fileRef = 1A1A081B18C9DF05005C6854 /* project.json */; };
		1AC34A1618C99CCC007834C9 /* jsb_boot.js in Resources */ = {isa = PBXBuildFile; fileRef = 1AC34A0D18C99CA5007834C9 /* jsb_boot.js */; };
		1AC34A1718C99CCC007834C9 /* jsb_create_apis.js in Resources */ = {isa = PBXBuildFile; fileRef = 1AC34A0E18C99CA5007834C9 /* jsb_create_apis.js */; };
		1AC34A1818C99CCC007834C9 /* jsb_loaders.js in Resources */ = {isa = PBXBuildFile; fileRef = 1AC34A0F18C99CA5007834C9 /* jsb_loaders.js */; };
		1AD7E0A118C9DB84004817A6 /* jsb_boot.js in Resources */ = {isa = PBXBuildFile; fileRef = 1AC34A0D18C99CA5007834C9 /* jsb_boot.js */; };
		1AD7E0A218C9DB84004817A6 /* jsb_create_apis.js in Resources */ = {isa = PBXBuildFile; fileRef = 1AC34A0E18C99CA5007834C9 /* jsb_create_apis.js */; };
		1AD7E0A318C9DB84004817A6 /* jsb_loaders.js in Resources */ = {isa = PBXBuildFile; fileRef = 1AC34A0F18C99CA5007834C9 /* jsb_loaders.js */; };
		1AD7E0A818C9DB93004817A6 /* main.js in Resources */ = {isa = PBXBuildFile; fileRef = 1A6BF21418C9DB5900FB0E1C /* main.js */; };
		1AD7E0A918C9DBE3004817A6 /* main.js in Resources */ = {isa = PBXBuildFile; fileRef = 1A6BF21418C9DB5900FB0E1C /* main.js */; };
		1AE159EC18C9DF3600FCA372 /* project.json in Resources */ = {isa = PBXBuildFile; fileRef = 1A1A081B18C9DF05005C6854 /* project.json */; };
		502380DC17EBB88200990C9B /* libcurl.dylib in Frameworks */ = {isa = PBXBuildFile; fileRef = 502380DB17EBB88200990C9B /* libcurl.dylib */; };
		5091731A17ECDF7A00D62437 /* Icon-29.png in Resources */ = {isa = PBXBuildFile; fileRef = 5091731417ECDF7A00D62437 /* Icon-29.png */; };
		5091731B17ECDF7A00D62437 /* Icon-40.png in Resources */ = {isa = PBXBuildFile; fileRef = 5091731517ECDF7A00D62437 /* Icon-40.png */; };
		5091731C17ECDF7A00D62437 /* Icon-50.png in Resources */ = {isa = PBXBuildFile; fileRef = 5091731617ECDF7A00D62437 /* Icon-50.png */; };
		5091731D17ECDF7A00D62437 /* Icon-58.png in Resources */ = {isa = PBXBuildFile; fileRef = 5091731717ECDF7A00D62437 /* Icon-58.png */; };
		5091731E17ECDF7A00D62437 /* Icon-80.png in Resources */ = {isa = PBXBuildFile; fileRef = 5091731817ECDF7A00D62437 /* Icon-80.png */; };
		5091731F17ECDF7A00D62437 /* Icon-100.png in Resources */ = {isa = PBXBuildFile; fileRef = 5091731917ECDF7A00D62437 /* Icon-100.png */; };
		509D4A8117EBB24E00697056 /* AppDelegate.cpp in Sources */ = {isa = PBXBuildFile; fileRef = D4545215156E28EF00887EB5 /* AppDelegate.cpp */; };
		509D4A8817EBB24E00697056 /* libsqlite3.dylib in Frameworks */ = {isa = PBXBuildFile; fileRef = 1A82F5FA169AC92500C4B13A /* libsqlite3.dylib */; };
		509D4A8917EBB24E00697056 /* libz.dylib in Frameworks */ = {isa = PBXBuildFile; fileRef = D454520B156E22BD00887EB5 /* libz.dylib */; };
		509D4A8A17EBB24E00697056 /* QuartzCore.framework in Frameworks */ = {isa = PBXBuildFile; fileRef = A92275411517C094001B78AA /* QuartzCore.framework */; };
		509D4A8C17EBB24E00697056 /* OpenAL.framework in Frameworks */ = {isa = PBXBuildFile; fileRef = A92275451517C094001B78AA /* OpenAL.framework */; };
		509D4A8D17EBB24E00697056 /* AudioToolbox.framework in Frameworks */ = {isa = PBXBuildFile; fileRef = A92275471517C094001B78AA /* AudioToolbox.framework */; };
		509D4A8E17EBB24E00697056 /* AVFoundation.framework in Frameworks */ = {isa = PBXBuildFile; fileRef = A92275491517C094001B78AA /* AVFoundation.framework */; };
		509D4A9017EBB24E00697056 /* Foundation.framework in Frameworks */ = {isa = PBXBuildFile; fileRef = A922754D1517C094001B78AA /* Foundation.framework */; };
		509D4A9117EBB24E00697056 /* CoreGraphics.framework in Frameworks */ = {isa = PBXBuildFile; fileRef = A922754F1517C094001B78AA /* CoreGraphics.framework */; };
		509D4ABC17EBB2AB00697056 /* AppController.mm in Sources */ = {isa = PBXBuildFile; fileRef = 509D4AAC17EBB2AB00697056 /* AppController.mm */; };
		509D4ABD17EBB2AB00697056 /* Default-568h@2x.png in Resources */ = {isa = PBXBuildFile; fileRef = 509D4AAD17EBB2AB00697056 /* Default-568h@2x.png */; };
		509D4ABE17EBB2AB00697056 /* Default.png in Resources */ = {isa = PBXBuildFile; fileRef = 509D4AAE17EBB2AB00697056 /* Default.png */; };
		509D4ABF17EBB2AB00697056 /* Default@2x.png in Resources */ = {isa = PBXBuildFile; fileRef = 509D4AAF17EBB2AB00697056 /* Default@2x.png */; };
		509D4AC017EBB2AB00697056 /* Icon-57.png in Resources */ = {isa = PBXBuildFile; fileRef = 509D4AB017EBB2AB00697056 /* Icon-57.png */; };
		509D4AC117EBB2AB00697056 /* Icon-72.png in Resources */ = {isa = PBXBuildFile; fileRef = 509D4AB117EBB2AB00697056 /* Icon-72.png */; };
		509D4AC217EBB2AB00697056 /* Icon-76.png in Resources */ = {isa = PBXBuildFile; fileRef = 509D4AB217EBB2AB00697056 /* Icon-76.png */; };
		509D4AC317EBB2AB00697056 /* Icon-114.png in Resources */ = {isa = PBXBuildFile; fileRef = 509D4AB317EBB2AB00697056 /* Icon-114.png */; };
		509D4AC417EBB2AB00697056 /* Icon-120.png in Resources */ = {isa = PBXBuildFile; fileRef = 509D4AB417EBB2AB00697056 /* Icon-120.png */; };
		509D4AC517EBB2AB00697056 /* Icon-144.png in Resources */ = {isa = PBXBuildFile; fileRef = 509D4AB517EBB2AB00697056 /* Icon-144.png */; };
		509D4AC617EBB2AB00697056 /* Icon-152.png in Resources */ = {isa = PBXBuildFile; fileRef = 509D4AB617EBB2AB00697056 /* Icon-152.png */; };
		509D4AC817EBB2AB00697056 /* main.m in Sources */ = {isa = PBXBuildFile; fileRef = 509D4AB817EBB2AB00697056 /* main.m */; };
		509D4AC917EBB2AB00697056 /* RootViewController.mm in Sources */ = {isa = PBXBuildFile; fileRef = 509D4ABB17EBB2AB00697056 /* RootViewController.mm */; };
		509D4ACF17EBB2BE00697056 /* Icon.icns in Resources */ = {isa = PBXBuildFile; fileRef = 509D4ACB17EBB2BE00697056 /* Icon.icns */; };
		509D4AE717EBB81800697056 /* OpenGL.framework in Frameworks */ = {isa = PBXBuildFile; fileRef = 509D4AE617EBB81800697056 /* OpenGL.framework */; };
		509D4AE917EBB82000697056 /* AppKit.framework in Frameworks */ = {isa = PBXBuildFile; fileRef = 509D4AE817EBB82000697056 /* AppKit.framework */; };
		509D4AEB17EBB82600697056 /* IOKit.framework in Frameworks */ = {isa = PBXBuildFile; fileRef = 509D4AEA17EBB82600697056 /* IOKit.framework */; };
		A92275421517C094001B78AA /* QuartzCore.framework in Frameworks */ = {isa = PBXBuildFile; fileRef = A92275411517C094001B78AA /* QuartzCore.framework */; };
		A92275441517C094001B78AA /* OpenGLES.framework in Frameworks */ = {isa = PBXBuildFile; fileRef = A92275431517C094001B78AA /* OpenGLES.framework */; };
		A92275461517C094001B78AA /* OpenAL.framework in Frameworks */ = {isa = PBXBuildFile; fileRef = A92275451517C094001B78AA /* OpenAL.framework */; };
		A92275481517C094001B78AA /* AudioToolbox.framework in Frameworks */ = {isa = PBXBuildFile; fileRef = A92275471517C094001B78AA /* AudioToolbox.framework */; };
		A922754A1517C094001B78AA /* AVFoundation.framework in Frameworks */ = {isa = PBXBuildFile; fileRef = A92275491517C094001B78AA /* AVFoundation.framework */; };
		A922754C1517C094001B78AA /* UIKit.framework in Frameworks */ = {isa = PBXBuildFile; fileRef = A922754B1517C094001B78AA /* UIKit.framework */; };
		A922754E1517C094001B78AA /* Foundation.framework in Frameworks */ = {isa = PBXBuildFile; fileRef = A922754D1517C094001B78AA /* Foundation.framework */; };
		A92275501517C094001B78AA /* CoreGraphics.framework in Frameworks */ = {isa = PBXBuildFile; fileRef = A922754F1517C094001B78AA /* CoreGraphics.framework */; };
		BA6FEC4C19335FF300F5D174 /* jsb_ext_create_apis.js in Resources */ = {isa = PBXBuildFile; fileRef = BA6FEC4B19335FF300F5D174 /* jsb_ext_create_apis.js */; };
		BA6FEC4D19335FF300F5D174 /* jsb_ext_create_apis.js in Resources */ = {isa = PBXBuildFile; fileRef = BA6FEC4B19335FF300F5D174 /* jsb_ext_create_apis.js */; };
		C03780EB18BEE0E400FE4F13 /* src in Resources */ = {isa = PBXBuildFile; fileRef = C03780EA18BEE0E400FE4F13 /* src */; };
		C03780EC18BEE0E400FE4F13 /* src in Resources */ = {isa = PBXBuildFile; fileRef = C03780EA18BEE0E400FE4F13 /* src */; };
		C037820C18BF77C500FE4F13 /* libjsbindings iOS.a in Frameworks */ = {isa = PBXBuildFile; fileRef = C037820918BF76AF00FE4F13 /* libjsbindings iOS.a */; };
		C037820F18BF77DE00FE4F13 /* libjsbindings Mac.a in Frameworks */ = {isa = PBXBuildFile; fileRef = C037820718BF76AF00FE4F13 /* libjsbindings Mac.a */; };
		C06E23CC18CEFE680093C81A /* main.cpp in Sources */ = {isa = PBXBuildFile; fileRef = C06E23CB18CEFE680093C81A /* main.cpp */; };
		C0799CB918BAE62000E9C828 /* res in Resources */ = {isa = PBXBuildFile; fileRef = C0799CB518BAE62000E9C828 /* res */; };
		C0799CBA18BAE62000E9C828 /* res in Resources */ = {isa = PBXBuildFile; fileRef = C0799CB518BAE62000E9C828 /* res */; };
		C0F9A1AD18C6D1FC00C75ABD /* debugger in Resources */ = {isa = PBXBuildFile; fileRef = C0F9A19C18C6D1FB00C75ABD /* debugger */; };
		C0F9A1AE18C6D1FC00C75ABD /* debugger in Resources */ = {isa = PBXBuildFile; fileRef = C0F9A19C18C6D1FB00C75ABD /* debugger */; };
		C0F9A1AF18C6D1FC00C75ABD /* jsb_chipmunk_constants.js in Resources */ = {isa = PBXBuildFile; fileRef = C0F9A19D18C6D1FB00C75ABD /* jsb_chipmunk_constants.js */; };
		C0F9A1B018C6D1FC00C75ABD /* jsb_chipmunk_constants.js in Resources */ = {isa = PBXBuildFile; fileRef = C0F9A19D18C6D1FB00C75ABD /* jsb_chipmunk_constants.js */; };
		C0F9A1B118C6D1FC00C75ABD /* jsb_chipmunk.js in Resources */ = {isa = PBXBuildFile; fileRef = C0F9A19E18C6D1FB00C75ABD /* jsb_chipmunk.js */; };
		C0F9A1B218C6D1FC00C75ABD /* jsb_chipmunk.js in Resources */ = {isa = PBXBuildFile; fileRef = C0F9A19E18C6D1FB00C75ABD /* jsb_chipmunk.js */; };
		C0F9A1B318C6D1FC00C75ABD /* jsb_cocos2d_constants.js in Resources */ = {isa = PBXBuildFile; fileRef = C0F9A19F18C6D1FC00C75ABD /* jsb_cocos2d_constants.js */; };
		C0F9A1B418C6D1FC00C75ABD /* jsb_cocos2d_constants.js in Resources */ = {isa = PBXBuildFile; fileRef = C0F9A19F18C6D1FC00C75ABD /* jsb_cocos2d_constants.js */; };
		C0F9A1B518C6D1FC00C75ABD /* jsb_cocos2d_extension.js in Resources */ = {isa = PBXBuildFile; fileRef = C0F9A1A018C6D1FC00C75ABD /* jsb_cocos2d_extension.js */; };
		C0F9A1B618C6D1FC00C75ABD /* jsb_cocos2d_extension.js in Resources */ = {isa = PBXBuildFile; fileRef = C0F9A1A018C6D1FC00C75ABD /* jsb_cocos2d_extension.js */; };
		C0F9A1B718C6D1FC00C75ABD /* jsb_cocos2d_ui.js in Resources */ = {isa = PBXBuildFile; fileRef = C0F9A1A118C6D1FC00C75ABD /* jsb_cocos2d_ui.js */; };
		C0F9A1B818C6D1FC00C75ABD /* jsb_cocos2d_ui.js in Resources */ = {isa = PBXBuildFile; fileRef = C0F9A1A118C6D1FC00C75ABD /* jsb_cocos2d_ui.js */; };
		C0F9A1B918C6D1FC00C75ABD /* jsb_cocos2d_studio.js in Resources */ = {isa = PBXBuildFile; fileRef = C0F9A1A218C6D1FC00C75ABD /* jsb_cocos2d_studio.js */; };
		C0F9A1BA18C6D1FC00C75ABD /* jsb_cocos2d_studio.js in Resources */ = {isa = PBXBuildFile; fileRef = C0F9A1A218C6D1FC00C75ABD /* jsb_cocos2d_studio.js */; };
		C0F9A1BB18C6D1FC00C75ABD /* jsb_cocos2d.js in Resources */ = {isa = PBXBuildFile; fileRef = C0F9A1A318C6D1FC00C75ABD /* jsb_cocos2d.js */; };
		C0F9A1BC18C6D1FC00C75ABD /* jsb_cocos2d.js in Resources */ = {isa = PBXBuildFile; fileRef = C0F9A1A318C6D1FC00C75ABD /* jsb_cocos2d.js */; };
		C0F9A1BD18C6D1FC00C75ABD /* jsb_cocosbuilder.js in Resources */ = {isa = PBXBuildFile; fileRef = C0F9A1A418C6D1FC00C75ABD /* jsb_cocosbuilder.js */; };
		C0F9A1BE18C6D1FC00C75ABD /* jsb_cocosbuilder.js in Resources */ = {isa = PBXBuildFile; fileRef = C0F9A1A418C6D1FC00C75ABD /* jsb_cocosbuilder.js */; };
		C0F9A1BF18C6D1FC00C75ABD /* jsb_debugger.js in Resources */ = {isa = PBXBuildFile; fileRef = C0F9A1A518C6D1FC00C75ABD /* jsb_debugger.js */; };
		C0F9A1C018C6D1FC00C75ABD /* jsb_debugger.js in Resources */ = {isa = PBXBuildFile; fileRef = C0F9A1A518C6D1FC00C75ABD /* jsb_debugger.js */; };
		C0F9A1C118C6D1FC00C75ABD /* jsb_deprecated.js in Resources */ = {isa = PBXBuildFile; fileRef = C0F9A1A618C6D1FC00C75ABD /* jsb_deprecated.js */; };
		C0F9A1C218C6D1FC00C75ABD /* jsb_deprecated.js in Resources */ = {isa = PBXBuildFile; fileRef = C0F9A1A618C6D1FC00C75ABD /* jsb_deprecated.js */; };
		C0F9A1C318C6D1FC00C75ABD /* jsb_opengl_constants.js in Resources */ = {isa = PBXBuildFile; fileRef = C0F9A1A718C6D1FC00C75ABD /* jsb_opengl_constants.js */; };
		C0F9A1C418C6D1FC00C75ABD /* jsb_opengl_constants.js in Resources */ = {isa = PBXBuildFile; fileRef = C0F9A1A718C6D1FC00C75ABD /* jsb_opengl_constants.js */; };
		C0F9A1C518C6D1FC00C75ABD /* jsb_opengl.js in Resources */ = {isa = PBXBuildFile; fileRef = C0F9A1A818C6D1FC00C75ABD /* jsb_opengl.js */; };
		C0F9A1C618C6D1FC00C75ABD /* jsb_opengl.js in Resources */ = {isa = PBXBuildFile; fileRef = C0F9A1A818C6D1FC00C75ABD /* jsb_opengl.js */; };
		C0F9A1C718C6D1FC00C75ABD /* jsb_property_apis.js in Resources */ = {isa = PBXBuildFile; fileRef = C0F9A1A918C6D1FC00C75ABD /* jsb_property_apis.js */; };
		C0F9A1C818C6D1FC00C75ABD /* jsb_property_apis.js in Resources */ = {isa = PBXBuildFile; fileRef = C0F9A1A918C6D1FC00C75ABD /* jsb_property_apis.js */; };
		C0F9A1C918C6D1FC00C75ABD /* jsb_property_impls.js in Resources */ = {isa = PBXBuildFile; fileRef = C0F9A1AA18C6D1FC00C75ABD /* jsb_property_impls.js */; };
		C0F9A1CA18C6D1FC00C75ABD /* jsb_property_impls.js in Resources */ = {isa = PBXBuildFile; fileRef = C0F9A1AA18C6D1FC00C75ABD /* jsb_property_impls.js */; };
		C0F9A1CD18C6D1FC00C75ABD /* jsb.js in Resources */ = {isa = PBXBuildFile; fileRef = C0F9A1AC18C6D1FC00C75ABD /* jsb.js */; };
		C0F9A1CE18C6D1FC00C75ABD /* jsb.js in Resources */ = {isa = PBXBuildFile; fileRef = C0F9A1AC18C6D1FC00C75ABD /* jsb.js */; };
		D454520C156E22BD00887EB5 /* libz.dylib in Frameworks */ = {isa = PBXBuildFile; fileRef = D454520B156E22BD00887EB5 /* libz.dylib */; };
		D4545227156E28EF00887EB5 /* AppDelegate.cpp in Sources */ = {isa = PBXBuildFile; fileRef = D4545215156E28EF00887EB5 /* AppDelegate.cpp */; };
		D6B061241803AB9F0077942B /* CoreMotion.framework in Frameworks */ = {isa = PBXBuildFile; fileRef = D6B061231803AB9F0077942B /* CoreMotion.framework */; };
/* End PBXBuildFile section */

/* Begin PBXContainerItemProxy section */
		1A67681F180E9BF70076BC67 /* PBXContainerItemProxy */ = {
			isa = PBXContainerItemProxy;
			containerPortal = 1AC6FB34180E9ACB004C840B /* cocos2d_libs.xcodeproj */;
			proxyType = 1;
			remoteGlobalIDString = 1551A33E158F2AB200E66CFE;
			remoteInfo = "cocos2dx Mac";
		};
		1A676821180E9BF70076BC67 /* PBXContainerItemProxy */ = {
			isa = PBXContainerItemProxy;
			containerPortal = 1AC6FB34180E9ACB004C840B /* cocos2d_libs.xcodeproj */;
			proxyType = 1;
			remoteGlobalIDString = A03F2FC117814595006731B9;
			remoteInfo = "cocos2dx-extensions Mac";
		};
		1A676823180E9BF70076BC67 /* PBXContainerItemProxy */ = {
			isa = PBXContainerItemProxy;
			containerPortal = 1AC6FB34180E9ACB004C840B /* cocos2d_libs.xcodeproj */;
			proxyType = 1;
			remoteGlobalIDString = A03F2B781780BD04006731B9;
			remoteInfo = "chipmunk Mac";
		};
		1A676825180E9BF70076BC67 /* PBXContainerItemProxy */ = {
			isa = PBXContainerItemProxy;
			containerPortal = 1AC6FB34180E9ACB004C840B /* cocos2d_libs.xcodeproj */;
			proxyType = 1;
			remoteGlobalIDString = A03F2E9817814268006731B9;
			remoteInfo = "CocosDenshion Mac";
		};
		1A67682E180E9C110076BC67 /* PBXContainerItemProxy */ = {
			isa = PBXContainerItemProxy;
			containerPortal = 1AC6FB34180E9ACB004C840B /* cocos2d_libs.xcodeproj */;
			proxyType = 1;
			remoteGlobalIDString = A07A4C241783777C0073F6A7;
			remoteInfo = "cocos2dx iOS";
		};
		1A676830180E9C110076BC67 /* PBXContainerItemProxy */ = {
			isa = PBXContainerItemProxy;
			containerPortal = 1AC6FB34180E9ACB004C840B /* cocos2d_libs.xcodeproj */;
			proxyType = 1;
			remoteGlobalIDString = A07A4E111783867C0073F6A7;
			remoteInfo = "cocos2dx-extensions iOS";
		};
		1A676832180E9C110076BC67 /* PBXContainerItemProxy */ = {
			isa = PBXContainerItemProxy;
			containerPortal = 1AC6FB34180E9ACB004C840B /* cocos2d_libs.xcodeproj */;
			proxyType = 1;
			remoteGlobalIDString = A07A4EFD178387670073F6A7;
			remoteInfo = "chipmunk iOS";
		};
		1A676834180E9C110076BC67 /* PBXContainerItemProxy */ = {
			isa = PBXContainerItemProxy;
			containerPortal = 1AC6FB34180E9ACB004C840B /* cocos2d_libs.xcodeproj */;
			proxyType = 1;
			remoteGlobalIDString = A07A4F9F178387730073F6A7;
			remoteInfo = "CocosDenshion iOS";
		};
		1AC6FB47180E9ACB004C840B /* PBXContainerItemProxy */ = {
			isa = PBXContainerItemProxy;
			containerPortal = 1AC6FB34180E9ACB004C840B /* cocos2d_libs.xcodeproj */;
			proxyType = 2;
			remoteGlobalIDString = 1551A33F158F2AB200E66CFE;
			remoteInfo = "cocos2dx Mac";
		};
		1AC6FB49180E9ACB004C840B /* PBXContainerItemProxy */ = {
			isa = PBXContainerItemProxy;
			containerPortal = 1AC6FB34180E9ACB004C840B /* cocos2d_libs.xcodeproj */;
			proxyType = 2;
			remoteGlobalIDString = A03F2FD617814595006731B9;
			remoteInfo = "cocos2dx-extensions Mac";
		};
		1AC6FB4B180E9ACB004C840B /* PBXContainerItemProxy */ = {
			isa = PBXContainerItemProxy;
			containerPortal = 1AC6FB34180E9ACB004C840B /* cocos2d_libs.xcodeproj */;
			proxyType = 2;
			remoteGlobalIDString = A03F2CB81780BD04006731B9;
			remoteInfo = "chipmunk Mac";
		};
		1AC6FB4D180E9ACB004C840B /* PBXContainerItemProxy */ = {
			isa = PBXContainerItemProxy;
			containerPortal = 1AC6FB34180E9ACB004C840B /* cocos2d_libs.xcodeproj */;
			proxyType = 2;
			remoteGlobalIDString = A03F2D9B1780BDF7006731B9;
			remoteInfo = "box2d Mac";
		};
		1AC6FB4F180E9ACB004C840B /* PBXContainerItemProxy */ = {
			isa = PBXContainerItemProxy;
			containerPortal = 1AC6FB34180E9ACB004C840B /* cocos2d_libs.xcodeproj */;
			proxyType = 2;
			remoteGlobalIDString = A03F2ED617814268006731B9;
			remoteInfo = "CocosDenshion Mac";
		};
		1AC6FB55180E9ACB004C840B /* PBXContainerItemProxy */ = {
			isa = PBXContainerItemProxy;
			containerPortal = 1AC6FB34180E9ACB004C840B /* cocos2d_libs.xcodeproj */;
			proxyType = 2;
			remoteGlobalIDString = A07A4D641783777C0073F6A7;
			remoteInfo = "cocos2dx iOS";
		};
		1AC6FB57180E9ACB004C840B /* PBXContainerItemProxy */ = {
			isa = PBXContainerItemProxy;
			containerPortal = 1AC6FB34180E9ACB004C840B /* cocos2d_libs.xcodeproj */;
			proxyType = 2;
			remoteGlobalIDString = A07A4EFC1783867C0073F6A7;
			remoteInfo = "cocos2dx-extensions iOS";
		};
		1AC6FB59180E9ACB004C840B /* PBXContainerItemProxy */ = {
			isa = PBXContainerItemProxy;
			containerPortal = 1AC6FB34180E9ACB004C840B /* cocos2d_libs.xcodeproj */;
			proxyType = 2;
			remoteGlobalIDString = A07A4F3B178387670073F6A7;
			remoteInfo = "chipmunk iOS";
		};
		1AC6FB5B180E9ACB004C840B /* PBXContainerItemProxy */ = {
			isa = PBXContainerItemProxy;
			containerPortal = 1AC6FB34180E9ACB004C840B /* cocos2d_libs.xcodeproj */;
			proxyType = 2;
			remoteGlobalIDString = A07A4F9E1783876B0073F6A7;
			remoteInfo = "box2d iOS";
		};
		1AC6FB5D180E9ACB004C840B /* PBXContainerItemProxy */ = {
			isa = PBXContainerItemProxy;
			containerPortal = 1AC6FB34180E9ACB004C840B /* cocos2d_libs.xcodeproj */;
			proxyType = 2;
			remoteGlobalIDString = A07A4FB4178387730073F6A7;
			remoteInfo = "CocosDenshion iOS";
		};
		C037820618BF76AF00FE4F13 /* PBXContainerItemProxy */ = {
			isa = PBXContainerItemProxy;
			containerPortal = C037820118BF76AF00FE4F13 /* cocos2d_js_bindings.xcodeproj */;
			proxyType = 2;
			remoteGlobalIDString = 1A5410A418B785A10016A3AF;
			remoteInfo = "jsbindings Mac";
		};
		C037820818BF76AF00FE4F13 /* PBXContainerItemProxy */ = {
			isa = PBXContainerItemProxy;
			containerPortal = C037820118BF76AF00FE4F13 /* cocos2d_js_bindings.xcodeproj */;
			proxyType = 2;
			remoteGlobalIDString = 1A5410A518B785A10016A3AF;
			remoteInfo = "jsbindings iOS";
		};
		C037820A18BF77BC00FE4F13 /* PBXContainerItemProxy */ = {
			isa = PBXContainerItemProxy;
			containerPortal = C037820118BF76AF00FE4F13 /* cocos2d_js_bindings.xcodeproj */;
			proxyType = 1;
			remoteGlobalIDString = A07A4FB5178387750073F6A7;
			remoteInfo = "jsbindings iOS";
		};
		C037820D18BF77D100FE4F13 /* PBXContainerItemProxy */ = {
			isa = PBXContainerItemProxy;
			containerPortal = C037820118BF76AF00FE4F13 /* cocos2d_js_bindings.xcodeproj */;
			proxyType = 1;
			remoteGlobalIDString = A03F31E81781479B006731B9;
			remoteInfo = "jsbindings Mac";
		};
/* End PBXContainerItemProxy section */

/* Begin PBXFileReference section */
		1A1A081B18C9DF05005C6854 /* project.json */ = {isa = PBXFileReference; lastKnownFileType = text.json; name = project.json; path = ../../../project.json; sourceTree = "<group>"; };
		1A6BF21418C9DB5900FB0E1C /* main.js */ = {isa = PBXFileReference; fileEncoding = 4; lastKnownFileType = sourcecode.javascript; name = main.js; path = ../../../main.js; sourceTree = "<group>"; };
		1A82F5FA169AC92500C4B13A /* libsqlite3.dylib */ = {isa = PBXFileReference; lastKnownFileType = "compiled.mach-o.dylib"; name = libsqlite3.dylib; path = usr/lib/libsqlite3.dylib; sourceTree = SDKROOT; };
		1A96A4F2174A3432008653A9 /* libcurl.a */ = {isa = PBXFileReference; lastKnownFileType = archive.ar; name = libcurl.a; path = "../../js-bindings/cocos2d-x/cocos2dx/platform/third_party/ios/libraries/libcurl.a"; sourceTree = "<group>"; };
		1AC34A0D18C99CA5007834C9 /* jsb_boot.js */ = {isa = PBXFileReference; fileEncoding = 4; lastKnownFileType = sourcecode.javascript; name = jsb_boot.js; path = "../../js-bindings/bindings/script/jsb_boot.js"; sourceTree = "<group>"; };
		1AC34A0E18C99CA5007834C9 /* jsb_create_apis.js */ = {isa = PBXFileReference; fileEncoding = 4; lastKnownFileType = sourcecode.javascript; name = jsb_create_apis.js; path = "../../js-bindings/bindings/script/jsb_create_apis.js"; sourceTree = "<group>"; };
		1AC34A0F18C99CA5007834C9 /* jsb_loaders.js */ = {isa = PBXFileReference; fileEncoding = 4; lastKnownFileType = sourcecode.javascript; name = jsb_loaders.js; path = "../../js-bindings/bindings/script/jsb_loaders.js"; sourceTree = "<group>"; };
		1AC6FB34180E9ACB004C840B /* cocos2d_libs.xcodeproj */ = {isa = PBXFileReference; lastKnownFileType = "wrapper.pb-project"; name = cocos2d_libs.xcodeproj; path = "../../js-bindings/cocos2d-x/build/cocos2d_libs.xcodeproj"; sourceTree = "<group>"; };
		502380DB17EBB88200990C9B /* libcurl.dylib */ = {isa = PBXFileReference; lastKnownFileType = "compiled.mach-o.dylib"; name = libcurl.dylib; path = usr/lib/libcurl.dylib; sourceTree = SDKROOT; };
		5091731417ECDF7A00D62437 /* Icon-29.png */ = {isa = PBXFileReference; lastKnownFileType = image.png; name = "Icon-29.png"; path = "ios/Icon-29.png"; sourceTree = "<group>"; };
		5091731517ECDF7A00D62437 /* Icon-40.png */ = {isa = PBXFileReference; lastKnownFileType = image.png; name = "Icon-40.png"; path = "ios/Icon-40.png"; sourceTree = "<group>"; };
		5091731617ECDF7A00D62437 /* Icon-50.png */ = {isa = PBXFileReference; lastKnownFileType = image.png; name = "Icon-50.png"; path = "ios/Icon-50.png"; sourceTree = "<group>"; };
		5091731717ECDF7A00D62437 /* Icon-58.png */ = {isa = PBXFileReference; lastKnownFileType = image.png; name = "Icon-58.png"; path = "ios/Icon-58.png"; sourceTree = "<group>"; };
		5091731817ECDF7A00D62437 /* Icon-80.png */ = {isa = PBXFileReference; lastKnownFileType = image.png; name = "Icon-80.png"; path = "ios/Icon-80.png"; sourceTree = "<group>"; };
		5091731917ECDF7A00D62437 /* Icon-100.png */ = {isa = PBXFileReference; lastKnownFileType = image.png; name = "Icon-100.png"; path = "ios/Icon-100.png"; sourceTree = "<group>"; };
		509D4AAA17EBB24E00697056 /* HelloJavascript Mac.app */ = {isa = PBXFileReference; explicitFileType = wrapper.application; includeInIndex = 0; path = "HelloJavascript Mac.app"; sourceTree = BUILT_PRODUCTS_DIR; };
		509D4AAB17EBB2AB00697056 /* AppController.h */ = {isa = PBXFileReference; fileEncoding = 4; lastKnownFileType = sourcecode.c.h; name = AppController.h; path = ios/AppController.h; sourceTree = "<group>"; };
		509D4AAC17EBB2AB00697056 /* AppController.mm */ = {isa = PBXFileReference; fileEncoding = 4; lastKnownFileType = sourcecode.cpp.objcpp; name = AppController.mm; path = ios/AppController.mm; sourceTree = "<group>"; };
		509D4AAD17EBB2AB00697056 /* Default-568h@2x.png */ = {isa = PBXFileReference; lastKnownFileType = image.png; name = "Default-568h@2x.png"; path = "ios/Default-568h@2x.png"; sourceTree = "<group>"; };
		509D4AAE17EBB2AB00697056 /* Default.png */ = {isa = PBXFileReference; lastKnownFileType = image.png; name = Default.png; path = ios/Default.png; sourceTree = "<group>"; };
		509D4AAF17EBB2AB00697056 /* Default@2x.png */ = {isa = PBXFileReference; lastKnownFileType = image.png; name = "Default@2x.png"; path = "ios/Default@2x.png"; sourceTree = "<group>"; };
		509D4AB017EBB2AB00697056 /* Icon-57.png */ = {isa = PBXFileReference; lastKnownFileType = image.png; name = "Icon-57.png"; path = "ios/Icon-57.png"; sourceTree = "<group>"; };
		509D4AB117EBB2AB00697056 /* Icon-72.png */ = {isa = PBXFileReference; lastKnownFileType = image.png; name = "Icon-72.png"; path = "ios/Icon-72.png"; sourceTree = "<group>"; };
		509D4AB217EBB2AB00697056 /* Icon-76.png */ = {isa = PBXFileReference; lastKnownFileType = image.png; name = "Icon-76.png"; path = "ios/Icon-76.png"; sourceTree = "<group>"; };
		509D4AB317EBB2AB00697056 /* Icon-114.png */ = {isa = PBXFileReference; lastKnownFileType = image.png; name = "Icon-114.png"; path = "ios/Icon-114.png"; sourceTree = "<group>"; };
		509D4AB417EBB2AB00697056 /* Icon-120.png */ = {isa = PBXFileReference; lastKnownFileType = image.png; name = "Icon-120.png"; path = "ios/Icon-120.png"; sourceTree = "<group>"; };
		509D4AB517EBB2AB00697056 /* Icon-144.png */ = {isa = PBXFileReference; lastKnownFileType = image.png; name = "Icon-144.png"; path = "ios/Icon-144.png"; sourceTree = "<group>"; };
		509D4AB617EBB2AB00697056 /* Icon-152.png */ = {isa = PBXFileReference; lastKnownFileType = image.png; name = "Icon-152.png"; path = "ios/Icon-152.png"; sourceTree = "<group>"; };
		509D4AB717EBB2AB00697056 /* Info.plist */ = {isa = PBXFileReference; fileEncoding = 4; lastKnownFileType = text.plist.xml; name = Info.plist; path = ios/Info.plist; sourceTree = "<group>"; };
		509D4AB817EBB2AB00697056 /* main.m */ = {isa = PBXFileReference; fileEncoding = 4; lastKnownFileType = sourcecode.c.objc; name = main.m; path = ios/main.m; sourceTree = "<group>"; };
		509D4AB917EBB2AB00697056 /* Prefix.pch */ = {isa = PBXFileReference; fileEncoding = 4; lastKnownFileType = sourcecode.c.h; name = Prefix.pch; path = ios/Prefix.pch; sourceTree = "<group>"; };
		509D4ABA17EBB2AB00697056 /* RootViewController.h */ = {isa = PBXFileReference; fileEncoding = 4; lastKnownFileType = sourcecode.c.h; name = RootViewController.h; path = ios/RootViewController.h; sourceTree = "<group>"; };
		509D4ABB17EBB2AB00697056 /* RootViewController.mm */ = {isa = PBXFileReference; fileEncoding = 4; lastKnownFileType = sourcecode.cpp.objcpp; name = RootViewController.mm; path = ios/RootViewController.mm; sourceTree = "<group>"; };
		509D4ACB17EBB2BE00697056 /* Icon.icns */ = {isa = PBXFileReference; lastKnownFileType = image.icns; path = Icon.icns; sourceTree = "<group>"; };
		509D4ACC17EBB2BE00697056 /* Info.plist */ = {isa = PBXFileReference; fileEncoding = 4; lastKnownFileType = text.plist.xml; path = Info.plist; sourceTree = "<group>"; };
		509D4ACE17EBB2BE00697056 /* Prefix.pch */ = {isa = PBXFileReference; fileEncoding = 4; lastKnownFileType = sourcecode.c.h; path = Prefix.pch; sourceTree = "<group>"; };
		509D4AE617EBB81800697056 /* OpenGL.framework */ = {isa = PBXFileReference; lastKnownFileType = wrapper.framework; name = OpenGL.framework; path = System/Library/Frameworks/OpenGL.framework; sourceTree = SDKROOT; };
		509D4AE817EBB82000697056 /* AppKit.framework */ = {isa = PBXFileReference; lastKnownFileType = wrapper.framework; name = AppKit.framework; path = System/Library/Frameworks/AppKit.framework; sourceTree = SDKROOT; };
		509D4AEA17EBB82600697056 /* IOKit.framework */ = {isa = PBXFileReference; lastKnownFileType = wrapper.framework; name = IOKit.framework; path = System/Library/Frameworks/IOKit.framework; sourceTree = SDKROOT; };
		A922753D1517C094001B78AA /* HelloJavascript iOS.app */ = {isa = PBXFileReference; explicitFileType = wrapper.application; includeInIndex = 0; path = "HelloJavascript iOS.app"; sourceTree = BUILT_PRODUCTS_DIR; };
		A92275411517C094001B78AA /* QuartzCore.framework */ = {isa = PBXFileReference; lastKnownFileType = wrapper.framework; name = QuartzCore.framework; path = System/Library/Frameworks/QuartzCore.framework; sourceTree = SDKROOT; };
		A92275431517C094001B78AA /* OpenGLES.framework */ = {isa = PBXFileReference; lastKnownFileType = wrapper.framework; name = OpenGLES.framework; path = System/Library/Frameworks/OpenGLES.framework; sourceTree = SDKROOT; };
		A92275451517C094001B78AA /* OpenAL.framework */ = {isa = PBXFileReference; lastKnownFileType = wrapper.framework; name = OpenAL.framework; path = System/Library/Frameworks/OpenAL.framework; sourceTree = SDKROOT; };
		A92275471517C094001B78AA /* AudioToolbox.framework */ = {isa = PBXFileReference; lastKnownFileType = wrapper.framework; name = AudioToolbox.framework; path = System/Library/Frameworks/AudioToolbox.framework; sourceTree = SDKROOT; };
		A92275491517C094001B78AA /* AVFoundation.framework */ = {isa = PBXFileReference; lastKnownFileType = wrapper.framework; name = AVFoundation.framework; path = System/Library/Frameworks/AVFoundation.framework; sourceTree = SDKROOT; };
		A922754B1517C094001B78AA /* UIKit.framework */ = {isa = PBXFileReference; lastKnownFileType = wrapper.framework; name = UIKit.framework; path = System/Library/Frameworks/UIKit.framework; sourceTree = SDKROOT; };
		A922754D1517C094001B78AA /* Foundation.framework */ = {isa = PBXFileReference; lastKnownFileType = wrapper.framework; name = Foundation.framework; path = System/Library/Frameworks/Foundation.framework; sourceTree = SDKROOT; };
		A922754F1517C094001B78AA /* CoreGraphics.framework */ = {isa = PBXFileReference; lastKnownFileType = wrapper.framework; name = CoreGraphics.framework; path = System/Library/Frameworks/CoreGraphics.framework; sourceTree = SDKROOT; };
		BA6FEC4B19335FF300F5D174 /* jsb_ext_create_apis.js */ = {isa = PBXFileReference; fileEncoding = 4; lastKnownFileType = sourcecode.javascript; name = jsb_ext_create_apis.js; path = "../../js-bindings/bindings/script/jsb_ext_create_apis.js"; sourceTree = "<group>"; };
		C03780EA18BEE0E400FE4F13 /* src */ = {isa = PBXFileReference; lastKnownFileType = folder; name = src; path = ../../../src; sourceTree = "<group>"; };
		C037820118BF76AF00FE4F13 /* cocos2d_js_bindings.xcodeproj */ = {isa = PBXFileReference; lastKnownFileType = "wrapper.pb-project"; name = cocos2d_js_bindings.xcodeproj; path = "../../js-bindings/bindings/proj.ios_mac/cocos2d_js_bindings.xcodeproj"; sourceTree = "<group>"; };
		C06E23CB18CEFE680093C81A /* main.cpp */ = {isa = PBXFileReference; fileEncoding = 4; lastKnownFileType = sourcecode.cpp.cpp; path = main.cpp; sourceTree = "<group>"; };
		C0799CB518BAE62000E9C828 /* res */ = {isa = PBXFileReference; lastKnownFileType = folder; name = res; path = ../../../res; sourceTree = "<group>"; };
		C0F9A19C18C6D1FB00C75ABD /* debugger */ = {isa = PBXFileReference; lastKnownFileType = folder; name = debugger; path = "../../js-bindings/bindings/script/debugger"; sourceTree = "<group>"; };
		C0F9A19D18C6D1FB00C75ABD /* jsb_chipmunk_constants.js */ = {isa = PBXFileReference; fileEncoding = 4; lastKnownFileType = sourcecode.javascript; name = jsb_chipmunk_constants.js; path = "../../js-bindings/bindings/script/jsb_chipmunk_constants.js"; sourceTree = "<group>"; };
		C0F9A19E18C6D1FB00C75ABD /* jsb_chipmunk.js */ = {isa = PBXFileReference; fileEncoding = 4; lastKnownFileType = sourcecode.javascript; name = jsb_chipmunk.js; path = "../../js-bindings/bindings/script/jsb_chipmunk.js"; sourceTree = "<group>"; };
		C0F9A19F18C6D1FC00C75ABD /* jsb_cocos2d_constants.js */ = {isa = PBXFileReference; fileEncoding = 4; lastKnownFileType = sourcecode.javascript; name = jsb_cocos2d_constants.js; path = "../../js-bindings/bindings/script/jsb_cocos2d_constants.js"; sourceTree = "<group>"; };
		C0F9A1A018C6D1FC00C75ABD /* jsb_cocos2d_extension.js */ = {isa = PBXFileReference; fileEncoding = 4; lastKnownFileType = sourcecode.javascript; name = jsb_cocos2d_extension.js; path = "../../js-bindings/bindings/script/jsb_cocos2d_extension.js"; sourceTree = "<group>"; };
		C0F9A1A118C6D1FC00C75ABD /* jsb_cocos2d_ui.js */ = {isa = PBXFileReference; fileEncoding = 4; lastKnownFileType = sourcecode.javascript; name = jsb_cocos2d_ui.js; path = "../../js-bindings/bindings/script/jsb_cocos2d_ui.js"; sourceTree = "<group>"; };
		C0F9A1A218C6D1FC00C75ABD /* jsb_cocos2d_studio.js */ = {isa = PBXFileReference; fileEncoding = 4; lastKnownFileType = sourcecode.javascript; name = jsb_cocos2d_studio.js; path = "../../js-bindings/bindings/script/jsb_cocos2d_studio.js"; sourceTree = "<group>"; };
		C0F9A1A318C6D1FC00C75ABD /* jsb_cocos2d.js */ = {isa = PBXFileReference; fileEncoding = 4; lastKnownFileType = sourcecode.javascript; name = jsb_cocos2d.js; path = "../../js-bindings/bindings/script/jsb_cocos2d.js"; sourceTree = "<group>"; };
		C0F9A1A418C6D1FC00C75ABD /* jsb_cocosbuilder.js */ = {isa = PBXFileReference; fileEncoding = 4; lastKnownFileType = sourcecode.javascript; name = jsb_cocosbuilder.js; path = "../../js-bindings/bindings/script/jsb_cocosbuilder.js"; sourceTree = "<group>"; };
		C0F9A1A518C6D1FC00C75ABD /* jsb_debugger.js */ = {isa = PBXFileReference; fileEncoding = 4; lastKnownFileType = sourcecode.javascript; name = jsb_debugger.js; path = "../../js-bindings/bindings/script/jsb_debugger.js"; sourceTree = "<group>"; };
		C0F9A1A618C6D1FC00C75ABD /* jsb_deprecated.js */ = {isa = PBXFileReference; fileEncoding = 4; lastKnownFileType = sourcecode.javascript; name = jsb_deprecated.js; path = "../../js-bindings/bindings/script/jsb_deprecated.js"; sourceTree = "<group>"; };
		C0F9A1A718C6D1FC00C75ABD /* jsb_opengl_constants.js */ = {isa = PBXFileReference; fileEncoding = 4; lastKnownFileType = sourcecode.javascript; name = jsb_opengl_constants.js; path = "../../js-bindings/bindings/script/jsb_opengl_constants.js"; sourceTree = "<group>"; };
		C0F9A1A818C6D1FC00C75ABD /* jsb_opengl.js */ = {isa = PBXFileReference; fileEncoding = 4; lastKnownFileType = sourcecode.javascript; name = jsb_opengl.js; path = "../../js-bindings/bindings/script/jsb_opengl.js"; sourceTree = "<group>"; };
		C0F9A1A918C6D1FC00C75ABD /* jsb_property_apis.js */ = {isa = PBXFileReference; fileEncoding = 4; lastKnownFileType = sourcecode.javascript; name = jsb_property_apis.js; path = "../../js-bindings/bindings/script/jsb_property_apis.js"; sourceTree = "<group>"; };
		C0F9A1AA18C6D1FC00C75ABD /* jsb_property_impls.js */ = {isa = PBXFileReference; fileEncoding = 4; lastKnownFileType = sourcecode.javascript; name = jsb_property_impls.js; path = "../../js-bindings/bindings/script/jsb_property_impls.js"; sourceTree = "<group>"; };
		C0F9A1AC18C6D1FC00C75ABD /* jsb.js */ = {isa = PBXFileReference; fileEncoding = 4; lastKnownFileType = sourcecode.javascript; name = jsb.js; path = "../../js-bindings/bindings/script/jsb.js"; sourceTree = "<group>"; };
		D454520B156E22BD00887EB5 /* libz.dylib */ = {isa = PBXFileReference; lastKnownFileType = "compiled.mach-o.dylib"; name = libz.dylib; path = usr/lib/libz.dylib; sourceTree = SDKROOT; };
		D4545215156E28EF00887EB5 /* AppDelegate.cpp */ = {isa = PBXFileReference; fileEncoding = 4; lastKnownFileType = sourcecode.cpp.cpp; path = AppDelegate.cpp; sourceTree = "<group>"; };
		D4545216156E28EF00887EB5 /* AppDelegate.h */ = {isa = PBXFileReference; fileEncoding = 4; lastKnownFileType = sourcecode.c.h; path = AppDelegate.h; sourceTree = "<group>"; };
		D6B061231803AB9F0077942B /* CoreMotion.framework */ = {isa = PBXFileReference; lastKnownFileType = wrapper.framework; name = CoreMotion.framework; path = Platforms/iPhoneOS.platform/Developer/SDKs/iPhoneOS7.0.sdk/System/Library/Frameworks/CoreMotion.framework; sourceTree = DEVELOPER_DIR; };
/* End PBXFileReference section */

/* Begin PBXFrameworksBuildPhase section */
		509D4A8217EBB24E00697056 /* Frameworks */ = {
			isa = PBXFrameworksBuildPhase;
			buildActionMask = 2147483647;
			files = (
				C037820F18BF77DE00FE4F13 /* libjsbindings Mac.a in Frameworks */,
				1A676829180E9C060076BC67 /* libchipmunk Mac.a in Frameworks */,
				1A67682A180E9C060076BC67 /* libcocos2dx Mac.a in Frameworks */,
				1A67682B180E9C060076BC67 /* libcocos2dx-extensions Mac.a in Frameworks */,
				1A67682C180E9C060076BC67 /* libCocosDenshion Mac.a in Frameworks */,
				502380DC17EBB88200990C9B /* libcurl.dylib in Frameworks */,
				509D4A8817EBB24E00697056 /* libsqlite3.dylib in Frameworks */,
				509D4A8917EBB24E00697056 /* libz.dylib in Frameworks */,
				509D4AEB17EBB82600697056 /* IOKit.framework in Frameworks */,
				509D4AE917EBB82000697056 /* AppKit.framework in Frameworks */,
				509D4AE717EBB81800697056 /* OpenGL.framework in Frameworks */,
				509D4A8A17EBB24E00697056 /* QuartzCore.framework in Frameworks */,
				509D4A8C17EBB24E00697056 /* OpenAL.framework in Frameworks */,
				509D4A8D17EBB24E00697056 /* AudioToolbox.framework in Frameworks */,
				509D4A8E17EBB24E00697056 /* AVFoundation.framework in Frameworks */,
				509D4A9017EBB24E00697056 /* Foundation.framework in Frameworks */,
				509D4A9117EBB24E00697056 /* CoreGraphics.framework in Frameworks */,
			);
			runOnlyForDeploymentPostprocessing = 0;
		};
		A922753A1517C094001B78AA /* Frameworks */ = {
			isa = PBXFrameworksBuildPhase;
			buildActionMask = 2147483647;
			files = (
				C037820C18BF77C500FE4F13 /* libjsbindings iOS.a in Frameworks */,
				1A676838180E9C1E0076BC67 /* libchipmunk iOS.a in Frameworks */,
				1A676839180E9C1E0076BC67 /* libcocos2dx iOS.a in Frameworks */,
				1A67683A180E9C1E0076BC67 /* libcocos2dx-extensions iOS.a in Frameworks */,
				1A67683B180E9C1E0076BC67 /* libCocosDenshion iOS.a in Frameworks */,
				D6B061241803AB9F0077942B /* CoreMotion.framework in Frameworks */,
				1A82F5FB169AC92500C4B13A /* libsqlite3.dylib in Frameworks */,
				D454520C156E22BD00887EB5 /* libz.dylib in Frameworks */,
				A92275421517C094001B78AA /* QuartzCore.framework in Frameworks */,
				A92275441517C094001B78AA /* OpenGLES.framework in Frameworks */,
				A92275461517C094001B78AA /* OpenAL.framework in Frameworks */,
				A92275481517C094001B78AA /* AudioToolbox.framework in Frameworks */,
				A922754A1517C094001B78AA /* AVFoundation.framework in Frameworks */,
				A922754C1517C094001B78AA /* UIKit.framework in Frameworks */,
				A922754E1517C094001B78AA /* Foundation.framework in Frameworks */,
				A92275501517C094001B78AA /* CoreGraphics.framework in Frameworks */,
			);
			runOnlyForDeploymentPostprocessing = 0;
		};
/* End PBXFrameworksBuildPhase section */

/* Begin PBXGroup section */
		15628F5B15F0F5C2000CF24B /* Resources */ = {
			isa = PBXGroup;
			children = (
				1A1A081B18C9DF05005C6854 /* project.json */,
				1A6BF21418C9DB5900FB0E1C /* main.js */,
				C0799CB518BAE62000E9C828 /* res */,
				C03780EA18BEE0E400FE4F13 /* src */,
			);
			name = Resources;
			sourceTree = "<group>";
		};
		1AC6FB35180E9ACB004C840B /* Products */ = {
			isa = PBXGroup;
			children = (
				1AC6FB48180E9ACB004C840B /* libcocos2dx Mac.a */,
				1AC6FB4A180E9ACB004C840B /* libcocos2dx-extensions Mac.a */,
				1AC6FB4C180E9ACB004C840B /* libchipmunk Mac.a */,
				1AC6FB4E180E9ACB004C840B /* libbox2d Mac.a */,
				1AC6FB50180E9ACB004C840B /* libCocosDenshion Mac.a */,
				1AC6FB56180E9ACB004C840B /* libcocos2dx iOS.a */,
				1AC6FB58180E9ACB004C840B /* libcocos2dx-extensions iOS.a */,
				1AC6FB5A180E9ACB004C840B /* libchipmunk iOS.a */,
				1AC6FB5C180E9ACB004C840B /* libbox2d iOS.a */,
				1AC6FB5E180E9ACB004C840B /* libCocosDenshion iOS.a */,
			);
			name = Products;
			sourceTree = "<group>";
		};
		5091732E17ECDF8A00D62437 /* Icons */ = {
			isa = PBXGroup;
			children = (
				5091731417ECDF7A00D62437 /* Icon-29.png */,
				5091731517ECDF7A00D62437 /* Icon-40.png */,
				5091731617ECDF7A00D62437 /* Icon-50.png */,
				5091731717ECDF7A00D62437 /* Icon-58.png */,
				5091731817ECDF7A00D62437 /* Icon-80.png */,
				5091731917ECDF7A00D62437 /* Icon-100.png */,
				509D4AB017EBB2AB00697056 /* Icon-57.png */,
				509D4AB117EBB2AB00697056 /* Icon-72.png */,
				509D4AB217EBB2AB00697056 /* Icon-76.png */,
				509D4AB317EBB2AB00697056 /* Icon-114.png */,
				509D4AB417EBB2AB00697056 /* Icon-120.png */,
				509D4AB517EBB2AB00697056 /* Icon-144.png */,
				509D4AB617EBB2AB00697056 /* Icon-152.png */,
			);
			name = Icons;
			sourceTree = "<group>";
		};
		509D4ACA17EBB2BE00697056 /* mac */ = {
			isa = PBXGroup;
			children = (
				C06E23CB18CEFE680093C81A /* main.cpp */,
				509D4ACB17EBB2BE00697056 /* Icon.icns */,
				509D4ACC17EBB2BE00697056 /* Info.plist */,
				509D4ACE17EBB2BE00697056 /* Prefix.pch */,
			);
			path = mac;
			sourceTree = "<group>";
		};
		A92275321517C094001B78AA = {
			isa = PBXGroup;
			children = (
				C037820118BF76AF00FE4F13 /* cocos2d_js_bindings.xcodeproj */,
				1AC6FB34180E9ACB004C840B /* cocos2d_libs.xcodeproj */,
				C06D18B718C02D4A003D1A65 /* JS Common */,
				D4545214156E28EF00887EB5 /* Classes */,
				A92275401517C094001B78AA /* Frameworks */,
				D45446CC156DE73F00887EB5 /* ios */,
				509D4ACA17EBB2BE00697056 /* mac */,
				A922753E1517C094001B78AA /* Products */,
				15628F5B15F0F5C2000CF24B /* Resources */,
			);
			sourceTree = "<group>";
		};
		A922753E1517C094001B78AA /* Products */ = {
			isa = PBXGroup;
			children = (
				A922753D1517C094001B78AA /* HelloJavascript iOS.app */,
				509D4AAA17EBB24E00697056 /* HelloJavascript Mac.app */,
			);
			name = Products;
			sourceTree = "<group>";
		};
		A92275401517C094001B78AA /* Frameworks */ = {
			isa = PBXGroup;
			children = (
				D6B061231803AB9F0077942B /* CoreMotion.framework */,
				502380DB17EBB88200990C9B /* libcurl.dylib */,
				509D4AEA17EBB82600697056 /* IOKit.framework */,
				509D4AE817EBB82000697056 /* AppKit.framework */,
				509D4AE617EBB81800697056 /* OpenGL.framework */,
				1A96A4F2174A3432008653A9 /* libcurl.a */,
				1A82F5FA169AC92500C4B13A /* libsqlite3.dylib */,
				D454520B156E22BD00887EB5 /* libz.dylib */,
				A92275411517C094001B78AA /* QuartzCore.framework */,
				A92275431517C094001B78AA /* OpenGLES.framework */,
				A92275451517C094001B78AA /* OpenAL.framework */,
				A92275471517C094001B78AA /* AudioToolbox.framework */,
				A92275491517C094001B78AA /* AVFoundation.framework */,
				A922754B1517C094001B78AA /* UIKit.framework */,
				A922754D1517C094001B78AA /* Foundation.framework */,
				A922754F1517C094001B78AA /* CoreGraphics.framework */,
			);
			name = Frameworks;
			sourceTree = "<group>";
		};
		C037820218BF76AF00FE4F13 /* Products */ = {
			isa = PBXGroup;
			children = (
				C037820718BF76AF00FE4F13 /* libjsbindings Mac.a */,
				C037820918BF76AF00FE4F13 /* libjsbindings iOS.a */,
			);
			name = Products;
			sourceTree = "<group>";
		};
		C06D18B718C02D4A003D1A65 /* JS Common */ = {
			isa = PBXGroup;
			children = (
				C0F9A19C18C6D1FB00C75ABD /* debugger */,
				C0F9A1AC18C6D1FC00C75ABD /* jsb.js */,
				1AC34A0D18C99CA5007834C9 /* jsb_boot.js */,
				C0F9A19E18C6D1FB00C75ABD /* jsb_chipmunk.js */,
				C0F9A19D18C6D1FB00C75ABD /* jsb_chipmunk_constants.js */,
				C0F9A1A318C6D1FC00C75ABD /* jsb_cocos2d.js */,
				C0F9A19F18C6D1FC00C75ABD /* jsb_cocos2d_constants.js */,
				C0F9A1A018C6D1FC00C75ABD /* jsb_cocos2d_extension.js */,
				C0F9A1A118C6D1FC00C75ABD /* jsb_cocos2d_ui.js */,
				C0F9A1A218C6D1FC00C75ABD /* jsb_cocos2d_studio.js */,
				C0F9A1A418C6D1FC00C75ABD /* jsb_cocosbuilder.js */,
				1AC34A0E18C99CA5007834C9 /* jsb_create_apis.js */,
				BA6FEC4B19335FF300F5D174 /* jsb_ext_create_apis.js */,
				C0F9A1A518C6D1FC00C75ABD /* jsb_debugger.js */,
				C0F9A1A618C6D1FC00C75ABD /* jsb_deprecated.js */,
				1AC34A0F18C99CA5007834C9 /* jsb_loaders.js */,
				C0F9A1A818C6D1FC00C75ABD /* jsb_opengl.js */,
				C0F9A1A718C6D1FC00C75ABD /* jsb_opengl_constants.js */,
				C0F9A1A918C6D1FC00C75ABD /* jsb_property_apis.js */,
				C0F9A1AA18C6D1FC00C75ABD /* jsb_property_impls.js */,
			);
			name = "JS Common";
			sourceTree = "<group>";
		};
		D45446CC156DE73F00887EB5 /* ios */ = {
			isa = PBXGroup;
			children = (
				509D4AAB17EBB2AB00697056 /* AppController.h */,
				509D4AAC17EBB2AB00697056 /* AppController.mm */,
				509D4AAD17EBB2AB00697056 /* Default-568h@2x.png */,
				509D4AAE17EBB2AB00697056 /* Default.png */,
				509D4AAF17EBB2AB00697056 /* Default@2x.png */,
				5091732E17ECDF8A00D62437 /* Icons */,
				509D4AB717EBB2AB00697056 /* Info.plist */,
				509D4AB817EBB2AB00697056 /* main.m */,
				509D4AB917EBB2AB00697056 /* Prefix.pch */,
				509D4ABA17EBB2AB00697056 /* RootViewController.h */,
				509D4ABB17EBB2AB00697056 /* RootViewController.mm */,
			);
			name = ios;
			sourceTree = "<group>";
		};
		D4545214156E28EF00887EB5 /* Classes */ = {
			isa = PBXGroup;
			children = (
				D4545215156E28EF00887EB5 /* AppDelegate.cpp */,
				D4545216156E28EF00887EB5 /* AppDelegate.h */,
			);
			name = Classes;
			path = ../Classes;
			sourceTree = "<group>";
		};
/* End PBXGroup section */

/* Begin PBXNativeTarget section */
		509D4A7517EBB24E00697056 /* HelloJavascript Mac */ = {
			isa = PBXNativeTarget;
			buildConfigurationList = 509D4AA717EBB24E00697056 /* Build configuration list for PBXNativeTarget "HelloJavascript Mac" */;
			buildPhases = (
				509D4A8017EBB24E00697056 /* Sources */,
				509D4A9317EBB24E00697056 /* Resources */,
				509D4A8217EBB24E00697056 /* Frameworks */,
			);
			buildRules = (
			);
			dependencies = (
				C037820E18BF77D100FE4F13 /* PBXTargetDependency */,
				1A676820180E9BF70076BC67 /* PBXTargetDependency */,
				1A676822180E9BF70076BC67 /* PBXTargetDependency */,
				1A676824180E9BF70076BC67 /* PBXTargetDependency */,
				1A676826180E9BF70076BC67 /* PBXTargetDependency */,
			);
			name = "HelloJavascript Mac";
			productName = HelloJavascript;
			productReference = 509D4AAA17EBB24E00697056 /* HelloJavascript Mac.app */;
			productType = "com.apple.product-type.application";
		};
		A922753C1517C094001B78AA /* HelloJavascript iOS */ = {
			isa = PBXNativeTarget;
			buildConfigurationList = A92277001517C097001B78AA /* Build configuration list for PBXNativeTarget "HelloJavascript iOS" */;
			buildPhases = (
				A92275391517C094001B78AA /* Sources */,
				A922753A1517C094001B78AA /* Frameworks */,
				A922753B1517C094001B78AA /* Resources */,
			);
			buildRules = (
			);
			dependencies = (
				C037820B18BF77BC00FE4F13 /* PBXTargetDependency */,
				1A67682F180E9C110076BC67 /* PBXTargetDependency */,
				1A676831180E9C110076BC67 /* PBXTargetDependency */,
				1A676833180E9C110076BC67 /* PBXTargetDependency */,
				1A676835180E9C110076BC67 /* PBXTargetDependency */,
			);
			name = "HelloJavascript iOS";
			productName = HelloJavascript;
			productReference = A922753D1517C094001B78AA /* HelloJavascript iOS.app */;
			productType = "com.apple.product-type.application";
		};
/* End PBXNativeTarget section */

/* Begin PBXProject section */
		A92275341517C094001B78AA /* Project object */ = {
			isa = PBXProject;
			attributes = {
				LastUpgradeCheck = 0500;
				TargetAttributes = {
					A922753C1517C094001B78AA = {
						DevelopmentTeam = MDDB52YB8L;
					};
				};
			};
			buildConfigurationList = A92275371517C094001B78AA /* Build configuration list for PBXProject "HelloJavascript" */;
			compatibilityVersion = "Xcode 3.2";
			developmentRegion = English;
			hasScannedForEncodings = 0;
			knownRegions = (
				en,
			);
			mainGroup = A92275321517C094001B78AA;
			productRefGroup = A922753E1517C094001B78AA /* Products */;
			projectDirPath = "";
			projectReferences = (
				{
					ProductGroup = C037820218BF76AF00FE4F13 /* Products */;
					ProjectRef = C037820118BF76AF00FE4F13 /* cocos2d_js_bindings.xcodeproj */;
				},
				{
					ProductGroup = 1AC6FB35180E9ACB004C840B /* Products */;
					ProjectRef = 1AC6FB34180E9ACB004C840B /* cocos2d_libs.xcodeproj */;
				},
			);
			projectRoot = "";
			targets = (
				A922753C1517C094001B78AA /* HelloJavascript iOS */,
				509D4A7517EBB24E00697056 /* HelloJavascript Mac */,
			);
		};
/* End PBXProject section */

/* Begin PBXReferenceProxy section */
		1AC6FB48180E9ACB004C840B /* libcocos2dx Mac.a */ = {
			isa = PBXReferenceProxy;
			fileType = archive.ar;
			path = "libcocos2dx Mac.a";
			remoteRef = 1AC6FB47180E9ACB004C840B /* PBXContainerItemProxy */;
			sourceTree = BUILT_PRODUCTS_DIR;
		};
		1AC6FB4A180E9ACB004C840B /* libcocos2dx-extensions Mac.a */ = {
			isa = PBXReferenceProxy;
			fileType = archive.ar;
			path = "libcocos2dx-extensions Mac.a";
			remoteRef = 1AC6FB49180E9ACB004C840B /* PBXContainerItemProxy */;
			sourceTree = BUILT_PRODUCTS_DIR;
		};
		1AC6FB4C180E9ACB004C840B /* libchipmunk Mac.a */ = {
			isa = PBXReferenceProxy;
			fileType = archive.ar;
			path = "libchipmunk Mac.a";
			remoteRef = 1AC6FB4B180E9ACB004C840B /* PBXContainerItemProxy */;
			sourceTree = BUILT_PRODUCTS_DIR;
		};
		1AC6FB4E180E9ACB004C840B /* libbox2d Mac.a */ = {
			isa = PBXReferenceProxy;
			fileType = archive.ar;
			path = "libbox2d Mac.a";
			remoteRef = 1AC6FB4D180E9ACB004C840B /* PBXContainerItemProxy */;
			sourceTree = BUILT_PRODUCTS_DIR;
		};
		1AC6FB50180E9ACB004C840B /* libCocosDenshion Mac.a */ = {
			isa = PBXReferenceProxy;
			fileType = archive.ar;
			path = "libCocosDenshion Mac.a";
			remoteRef = 1AC6FB4F180E9ACB004C840B /* PBXContainerItemProxy */;
			sourceTree = BUILT_PRODUCTS_DIR;
		};
		1AC6FB56180E9ACB004C840B /* libcocos2dx iOS.a */ = {
			isa = PBXReferenceProxy;
			fileType = archive.ar;
			path = "libcocos2dx iOS.a";
			remoteRef = 1AC6FB55180E9ACB004C840B /* PBXContainerItemProxy */;
			sourceTree = BUILT_PRODUCTS_DIR;
		};
		1AC6FB58180E9ACB004C840B /* libcocos2dx-extensions iOS.a */ = {
			isa = PBXReferenceProxy;
			fileType = archive.ar;
			path = "libcocos2dx-extensions iOS.a";
			remoteRef = 1AC6FB57180E9ACB004C840B /* PBXContainerItemProxy */;
			sourceTree = BUILT_PRODUCTS_DIR;
		};
		1AC6FB5A180E9ACB004C840B /* libchipmunk iOS.a */ = {
			isa = PBXReferenceProxy;
			fileType = archive.ar;
			path = "libchipmunk iOS.a";
			remoteRef = 1AC6FB59180E9ACB004C840B /* PBXContainerItemProxy */;
			sourceTree = BUILT_PRODUCTS_DIR;
		};
		1AC6FB5C180E9ACB004C840B /* libbox2d iOS.a */ = {
			isa = PBXReferenceProxy;
			fileType = archive.ar;
			path = "libbox2d iOS.a";
			remoteRef = 1AC6FB5B180E9ACB004C840B /* PBXContainerItemProxy */;
			sourceTree = BUILT_PRODUCTS_DIR;
		};
		1AC6FB5E180E9ACB004C840B /* libCocosDenshion iOS.a */ = {
			isa = PBXReferenceProxy;
			fileType = archive.ar;
			path = "libCocosDenshion iOS.a";
			remoteRef = 1AC6FB5D180E9ACB004C840B /* PBXContainerItemProxy */;
			sourceTree = BUILT_PRODUCTS_DIR;
		};
		C037820718BF76AF00FE4F13 /* libjsbindings Mac.a */ = {
			isa = PBXReferenceProxy;
			fileType = archive.ar;
			path = "libjsbindings Mac.a";
			remoteRef = C037820618BF76AF00FE4F13 /* PBXContainerItemProxy */;
			sourceTree = BUILT_PRODUCTS_DIR;
		};
		C037820918BF76AF00FE4F13 /* libjsbindings iOS.a */ = {
			isa = PBXReferenceProxy;
			fileType = archive.ar;
			path = "libjsbindings iOS.a";
			remoteRef = C037820818BF76AF00FE4F13 /* PBXContainerItemProxy */;
			sourceTree = BUILT_PRODUCTS_DIR;
		};
/* End PBXReferenceProxy section */

/* Begin PBXResourcesBuildPhase section */
		509D4A9317EBB24E00697056 /* Resources */ = {
			isa = PBXResourcesBuildPhase;
			buildActionMask = 2147483647;
			files = (
				1AC22EDE18CA0E11007112B9 /* project.json in Resources */,
				1AD7E0A918C9DBE3004817A6 /* main.js in Resources */,
				1AD7E0A118C9DB84004817A6 /* jsb_boot.js in Resources */,
				1AD7E0A218C9DB84004817A6 /* jsb_create_apis.js in Resources */,
				BA6FEC4D19335FF300F5D174 /* jsb_ext_create_apis.js in Resources */,
				1AD7E0A318C9DB84004817A6 /* jsb_loaders.js in Resources */,
				C0F9A1BC18C6D1FC00C75ABD /* jsb_cocos2d.js in Resources */,
				C0F9A1C418C6D1FC00C75ABD /* jsb_opengl_constants.js in Resources */,
				C0F9A1C218C6D1FC00C75ABD /* jsb_deprecated.js in Resources */,
				C0F9A1BA18C6D1FC00C75ABD /* jsb_cocos2d_studio.js in Resources */,
				C0F9A1B818C6D1FC00C75ABD /* jsb_cocos2d_ui.js in Resources */,
				C0F9A1C618C6D1FC00C75ABD /* jsb_opengl.js in Resources */,
				C0F9A1CA18C6D1FC00C75ABD /* jsb_property_impls.js in Resources */,
				C0F9A1B618C6D1FC00C75ABD /* jsb_cocos2d_extension.js in Resources */,
				C0F9A1B418C6D1FC00C75ABD /* jsb_cocos2d_constants.js in Resources */,
				C0F9A1B218C6D1FC00C75ABD /* jsb_chipmunk.js in Resources */,
				C0F9A1B018C6D1FC00C75ABD /* jsb_chipmunk_constants.js in Resources */,
				C0F9A1BE18C6D1FC00C75ABD /* jsb_cocosbuilder.js in Resources */,
				C0F9A1C818C6D1FC00C75ABD /* jsb_property_apis.js in Resources */,
				C0F9A1CE18C6D1FC00C75ABD /* jsb.js in Resources */,
				C0F9A1C018C6D1FC00C75ABD /* jsb_debugger.js in Resources */,
				C0799CBA18BAE62000E9C828 /* res in Resources */,
				C0F9A1AE18C6D1FC00C75ABD /* debugger in Resources */,
				509D4ACF17EBB2BE00697056 /* Icon.icns in Resources */,
				C03780EC18BEE0E400FE4F13 /* src in Resources */,
			);
			runOnlyForDeploymentPostprocessing = 0;
		};
		A922753B1517C094001B78AA /* Resources */ = {
			isa = PBXResourcesBuildPhase;
			buildActionMask = 2147483647;
			files = (
				1AE159EC18C9DF3600FCA372 /* project.json in Resources */,
				1AD7E0A818C9DB93004817A6 /* main.js in Resources */,
				1AC34A1618C99CCC007834C9 /* jsb_boot.js in Resources */,
				1AC34A1718C99CCC007834C9 /* jsb_create_apis.js in Resources */,
				BA6FEC4C19335FF300F5D174 /* jsb_ext_create_apis.js in Resources */,
				1AC34A1818C99CCC007834C9 /* jsb_loaders.js in Resources */,
				509D4ABE17EBB2AB00697056 /* Default.png in Resources */,
				C0F9A1AF18C6D1FC00C75ABD /* jsb_chipmunk_constants.js in Resources */,
				C0F9A1B918C6D1FC00C75ABD /* jsb_cocos2d_studio.js in Resources */,
				C0F9A1C318C6D1FC00C75ABD /* jsb_opengl_constants.js in Resources */,
				C0F9A1BD18C6D1FC00C75ABD /* jsb_cocosbuilder.js in Resources */,
				C0F9A1C718C6D1FC00C75ABD /* jsb_property_apis.js in Resources */,
				C0F9A1B718C6D1FC00C75ABD /* jsb_cocos2d_ui.js in Resources */,
				C0F9A1BB18C6D1FC00C75ABD /* jsb_cocos2d.js in Resources */,
				C0F9A1B518C6D1FC00C75ABD /* jsb_cocos2d_extension.js in Resources */,
				C0F9A1B318C6D1FC00C75ABD /* jsb_cocos2d_constants.js in Resources */,
				C0F9A1C518C6D1FC00C75ABD /* jsb_opengl.js in Resources */,
				C0F9A1C118C6D1FC00C75ABD /* jsb_deprecated.js in Resources */,
				C0F9A1B118C6D1FC00C75ABD /* jsb_chipmunk.js in Resources */,
				C0F9A1CD18C6D1FC00C75ABD /* jsb.js in Resources */,
				C0F9A1BF18C6D1FC00C75ABD /* jsb_debugger.js in Resources */,
				C0F9A1C918C6D1FC00C75ABD /* jsb_property_impls.js in Resources */,
				5091731E17ECDF7A00D62437 /* Icon-80.png in Resources */,
				5091731F17ECDF7A00D62437 /* Icon-100.png in Resources */,
				509D4AC117EBB2AB00697056 /* Icon-72.png in Resources */,
				509D4AC017EBB2AB00697056 /* Icon-57.png in Resources */,
				5091731A17ECDF7A00D62437 /* Icon-29.png in Resources */,
				C03780EB18BEE0E400FE4F13 /* src in Resources */,
				C0F9A1AD18C6D1FC00C75ABD /* debugger in Resources */,
				509D4AC617EBB2AB00697056 /* Icon-152.png in Resources */,
				C0799CB918BAE62000E9C828 /* res in Resources */,
				509D4AC517EBB2AB00697056 /* Icon-144.png in Resources */,
				509D4AC317EBB2AB00697056 /* Icon-114.png in Resources */,
				509D4ABD17EBB2AB00697056 /* Default-568h@2x.png in Resources */,
				509D4ABF17EBB2AB00697056 /* Default@2x.png in Resources */,
				509D4AC217EBB2AB00697056 /* Icon-76.png in Resources */,
				5091731B17ECDF7A00D62437 /* Icon-40.png in Resources */,
				5091731C17ECDF7A00D62437 /* Icon-50.png in Resources */,
				509D4AC417EBB2AB00697056 /* Icon-120.png in Resources */,
				5091731D17ECDF7A00D62437 /* Icon-58.png in Resources */,
			);
			runOnlyForDeploymentPostprocessing = 0;
		};
/* End PBXResourcesBuildPhase section */

/* Begin PBXSourcesBuildPhase section */
		509D4A8017EBB24E00697056 /* Sources */ = {
			isa = PBXSourcesBuildPhase;
			buildActionMask = 2147483647;
			files = (
				509D4A8117EBB24E00697056 /* AppDelegate.cpp in Sources */,
				C06E23CC18CEFE680093C81A /* main.cpp in Sources */,
			);
			runOnlyForDeploymentPostprocessing = 0;
		};
		A92275391517C094001B78AA /* Sources */ = {
			isa = PBXSourcesBuildPhase;
			buildActionMask = 2147483647;
			files = (
				509D4AC917EBB2AB00697056 /* RootViewController.mm in Sources */,
				D4545227156E28EF00887EB5 /* AppDelegate.cpp in Sources */,
				509D4AC817EBB2AB00697056 /* main.m in Sources */,
				509D4ABC17EBB2AB00697056 /* AppController.mm in Sources */,
			);
			runOnlyForDeploymentPostprocessing = 0;
		};
/* End PBXSourcesBuildPhase section */

/* Begin PBXTargetDependency section */
		1A676820180E9BF70076BC67 /* PBXTargetDependency */ = {
			isa = PBXTargetDependency;
			name = "cocos2dx Mac";
			targetProxy = 1A67681F180E9BF70076BC67 /* PBXContainerItemProxy */;
		};
		1A676822180E9BF70076BC67 /* PBXTargetDependency */ = {
			isa = PBXTargetDependency;
			name = "cocos2dx-extensions Mac";
			targetProxy = 1A676821180E9BF70076BC67 /* PBXContainerItemProxy */;
		};
		1A676824180E9BF70076BC67 /* PBXTargetDependency */ = {
			isa = PBXTargetDependency;
			name = "chipmunk Mac";
			targetProxy = 1A676823180E9BF70076BC67 /* PBXContainerItemProxy */;
		};
		1A676826180E9BF70076BC67 /* PBXTargetDependency */ = {
			isa = PBXTargetDependency;
			name = "CocosDenshion Mac";
			targetProxy = 1A676825180E9BF70076BC67 /* PBXContainerItemProxy */;
		};
		1A67682F180E9C110076BC67 /* PBXTargetDependency */ = {
			isa = PBXTargetDependency;
			name = "cocos2dx iOS";
			targetProxy = 1A67682E180E9C110076BC67 /* PBXContainerItemProxy */;
		};
		1A676831180E9C110076BC67 /* PBXTargetDependency */ = {
			isa = PBXTargetDependency;
			name = "cocos2dx-extensions iOS";
			targetProxy = 1A676830180E9C110076BC67 /* PBXContainerItemProxy */;
		};
		1A676833180E9C110076BC67 /* PBXTargetDependency */ = {
			isa = PBXTargetDependency;
			name = "chipmunk iOS";
			targetProxy = 1A676832180E9C110076BC67 /* PBXContainerItemProxy */;
		};
		1A676835180E9C110076BC67 /* PBXTargetDependency */ = {
			isa = PBXTargetDependency;
			name = "CocosDenshion iOS";
			targetProxy = 1A676834180E9C110076BC67 /* PBXContainerItemProxy */;
		};
		C037820B18BF77BC00FE4F13 /* PBXTargetDependency */ = {
			isa = PBXTargetDependency;
			name = "jsbindings iOS";
			targetProxy = C037820A18BF77BC00FE4F13 /* PBXContainerItemProxy */;
		};
		C037820E18BF77D100FE4F13 /* PBXTargetDependency */ = {
			isa = PBXTargetDependency;
			name = "jsbindings Mac";
			targetProxy = C037820D18BF77D100FE4F13 /* PBXContainerItemProxy */;
		};
/* End PBXTargetDependency section */

/* Begin XCBuildConfiguration section */
		509D4AA817EBB24E00697056 /* Debug */ = {
			isa = XCBuildConfiguration;
			buildSettings = {
				ALWAYS_SEARCH_USER_PATHS = YES;
				ARCHS = "$(ARCHS_STANDARD_64_BIT)";
				COMBINE_HIDPI_IMAGES = YES;
				GCC_DYNAMIC_NO_PIC = NO;
				GCC_PRECOMPILE_PREFIX_HEADER = YES;
				GCC_PREFIX_HEADER = mac/Prefix.pch;
				GCC_PREPROCESSOR_DEFINITIONS = (
					CC_TARGET_OS_MAC,
					"$(inherited)",
				);
				HEADER_SEARCH_PATHS = "";
				INFOPLIST_FILE = mac/Info.plist;
				LIBRARY_SEARCH_PATHS = "";
				OTHER_LDFLAGS = "";
				SDKROOT = macosx;
				USER_HEADER_SEARCH_PATHS = "$(inherited) $(SRCROOT)/../../js-bindings/cocos2d-x/cocos/platform/mac $(SRCROOT)/../../js-bindings/cocos2d-x/external/glfw3/include/mac $(SRCROOT)/../../js-bindings/external/spidermonkey/include/mac";
			};
			name = Debug;
		};
		509D4AA917EBB24E00697056 /* Release */ = {
			isa = XCBuildConfiguration;
			buildSettings = {
				ALWAYS_SEARCH_USER_PATHS = YES;
				ARCHS = "$(ARCHS_STANDARD_64_BIT)";
				COMBINE_HIDPI_IMAGES = YES;
				GCC_PRECOMPILE_PREFIX_HEADER = YES;
				GCC_PREFIX_HEADER = mac/Prefix.pch;
				GCC_PREPROCESSOR_DEFINITIONS = (
					CC_TARGET_OS_MAC,
					"$(inherited)",
				);
				HEADER_SEARCH_PATHS = "";
				INFOPLIST_FILE = mac/Info.plist;
				LIBRARY_SEARCH_PATHS = "";
				OTHER_LDFLAGS = "";
				SDKROOT = macosx;
				USER_HEADER_SEARCH_PATHS = "$(inherited) $(SRCROOT)/../../js-bindings/cocos2d-x/cocos/platform/mac $(SRCROOT)/../../js-bindings/cocos2d-x/external/glfw3/include/mac $(SRCROOT)/../../js-bindings/external/spidermonkey/include/mac";
			};
			name = Release;
		};
		A92276FE1517C097001B78AA /* Debug */ = {
			isa = XCBuildConfiguration;
			buildSettings = {
				CLANG_CXX_LANGUAGE_STANDARD = "c++0x";
				CLANG_CXX_LIBRARY = "libc++";
				COPY_PHASE_STRIP = NO;
				GCC_C_LANGUAGE_STANDARD = c99;
				GCC_OPTIMIZATION_LEVEL = 0;
				GCC_PREPROCESSOR_DEFINITIONS = (
					"COCOS2D_DEBUG=1",
					USE_FILE32API,
					COCOS2D_JAVASCRIPT,
					CC_ENABLE_CHIPMUNK_INTEGRATION,
				);
				GCC_SYMBOLS_PRIVATE_EXTERN = NO;
				GCC_WARN_ABOUT_RETURN_TYPE = YES;
				GCC_WARN_UNUSED_VARIABLE = YES;
				HEADER_SEARCH_PATHS = "";
				IPHONEOS_DEPLOYMENT_TARGET = 5.1;
				ONLY_ACTIVE_ARCH = YES;
				PRODUCT_NAME = "$(TARGET_NAME)";
				USER_HEADER_SEARCH_PATHS = "$(SRCROOT)/../../js-bindings/cocos2d-x $(SRCROOT)/../../js-bindings/cocos2d-x/cocos $(SRCROOT)/../../js-bindings/cocos2d-x/cocos/base $(SRCROOT)/../../js-bindings/cocos2d-x/cocos/physics $(SRCROOT)/../../js-bindings/cocos2d-x/cocos/math/kazmath $(SRCROOT)/../../js-bindings/cocos2d-x/cocos/2d $(SRCROOT)/../../js-bindings/cocos2d-x/cocos/gui $(SRCROOT)/../../js-bindings/cocos2d-x/cocos/network $(SRCROOT)/../../js-bindings/cocos2d-x/cocos/audio/include $(SRCROOT)/../../js-bindings/cocos2d-x/cocos/editor-support $(SRCROOT)/../../js-bindings/cocos2d-x/extensions $(SRCROOT)/../../js-bindings/cocos2d-x/external $(SRCROOT)/../../js-bindings/cocos2d-x/external/chipmunk/include/chipmunk $(SRCROOT)/../../js-bindings/bindings/auto $(SRCROOT)/../../js-bindings/bindings/manual";
			};
			name = Debug;
		};
		A92276FF1517C097001B78AA /* Release */ = {
			isa = XCBuildConfiguration;
			buildSettings = {
				CLANG_CXX_LANGUAGE_STANDARD = "c++0x";
				CLANG_CXX_LIBRARY = "libc++";
				GCC_C_LANGUAGE_STANDARD = c99;
				GCC_PREPROCESSOR_DEFINITIONS = (
					NDEBUG,
					USE_FILE32API,
					COCOS2D_JAVASCRIPT,
					CC_ENABLE_CHIPMUNK_INTEGRATION,
				);
				GCC_WARN_ABOUT_RETURN_TYPE = YES;
				GCC_WARN_UNUSED_VARIABLE = YES;
				HEADER_SEARCH_PATHS = "";
				IPHONEOS_DEPLOYMENT_TARGET = 5.1;
				OTHER_CFLAGS = "-DNS_BLOCK_ASSERTIONS=1";
				PRODUCT_NAME = "$(TARGET_NAME)";
				USER_HEADER_SEARCH_PATHS = "$(SRCROOT)/../../js-bindings/cocos2d-x $(SRCROOT)/../../js-bindings/cocos2d-x/cocos $(SRCROOT)/../../js-bindings/cocos2d-x/cocos/base $(SRCROOT)/../../js-bindings/cocos2d-x/cocos/physics $(SRCROOT)/../../js-bindings/cocos2d-x/cocos/math/kazmath $(SRCROOT)/../../js-bindings/cocos2d-x/cocos/2d $(SRCROOT)/../../js-bindings/cocos2d-x/cocos/gui $(SRCROOT)/../../js-bindings/cocos2d-x/cocos/network $(SRCROOT)/../../js-bindings/cocos2d-x/cocos/audio/include $(SRCROOT)/../../js-bindings/cocos2d-x/cocos/editor-support $(SRCROOT)/../../js-bindings/cocos2d-x/extensions $(SRCROOT)/../../js-bindings/cocos2d-x/external $(SRCROOT)/../../js-bindings/cocos2d-x/external/chipmunk/include/chipmunk $(SRCROOT)/../../js-bindings/bindings/auto $(SRCROOT)/../../js-bindings/bindings/manual";
				VALIDATE_PRODUCT = YES;
			};
			name = Release;
		};
		A92277011517C097001B78AA /* Debug */ = {
			isa = XCBuildConfiguration;
			buildSettings = {
				ALWAYS_SEARCH_USER_PATHS = YES;
				CODE_SIGN_IDENTITY = "iPhone Developer";
				COMPRESS_PNG_FILES = NO;
				GCC_DYNAMIC_NO_PIC = NO;
				GCC_PRECOMPILE_PREFIX_HEADER = YES;
				GCC_PREFIX_HEADER = ios/Prefix.pch;
				GCC_PREPROCESSOR_DEFINITIONS = (
					CC_TARGET_OS_IPHONE,
					"$(inherited)",
				);
				HEADER_SEARCH_PATHS = "";
				INFOPLIST_FILE = ios/Info.plist;
				IPHONEOS_DEPLOYMENT_TARGET = 5.0;
				LIBRARY_SEARCH_PATHS = "";
				OTHER_LDFLAGS = "";
				SDKROOT = iphoneos;
				TARGETED_DEVICE_FAMILY = "1,2";
				USER_HEADER_SEARCH_PATHS = "$(inherited) $(SRCROOT)/../../js-bindings/cocos2d-x/cocos/platform/ios $(SRCROOT)/../../js-bindings/external/spidermonkey/include/ios";
			};
			name = Debug;
		};
		A92277021517C097001B78AA /* Release */ = {
			isa = XCBuildConfiguration;
			buildSettings = {
				ALWAYS_SEARCH_USER_PATHS = YES;
				CODE_SIGN_IDENTITY = "iPhone Developer";
				COMPRESS_PNG_FILES = NO;
				GCC_PRECOMPILE_PREFIX_HEADER = YES;
				GCC_PREFIX_HEADER = ios/Prefix.pch;
				GCC_PREPROCESSOR_DEFINITIONS = (
					CC_TARGET_OS_IPHONE,
					"$(inherited)",
				);
				HEADER_SEARCH_PATHS = "";
				INFOPLIST_FILE = ios/Info.plist;
				IPHONEOS_DEPLOYMENT_TARGET = 5.0;
				LIBRARY_SEARCH_PATHS = "";
				OTHER_LDFLAGS = "";
				SDKROOT = iphoneos;
				TARGETED_DEVICE_FAMILY = "1,2";
				USER_HEADER_SEARCH_PATHS = "$(inherited) $(SRCROOT)/../../js-bindings/cocos2d-x/cocos/platform/ios $(SRCROOT)/../../js-bindings/external/spidermonkey/include/ios";
			};
			name = Release;
		};
/* End XCBuildConfiguration section */

/* Begin XCConfigurationList section */
		509D4AA717EBB24E00697056 /* Build configuration list for PBXNativeTarget "HelloJavascript Mac" */ = {
			isa = XCConfigurationList;
			buildConfigurations = (
				509D4AA817EBB24E00697056 /* Debug */,
				509D4AA917EBB24E00697056 /* Release */,
			);
			defaultConfigurationIsVisible = 0;
			defaultConfigurationName = Release;
		};
		A92275371517C094001B78AA /* Build configuration list for PBXProject "HelloJavascript" */ = {
			isa = XCConfigurationList;
			buildConfigurations = (
				A92276FE1517C097001B78AA /* Debug */,
				A92276FF1517C097001B78AA /* Release */,
			);
			defaultConfigurationIsVisible = 0;
			defaultConfigurationName = Release;
		};
		A92277001517C097001B78AA /* Build configuration list for PBXNativeTarget "HelloJavascript iOS" */ = {
			isa = XCConfigurationList;
			buildConfigurations = (
				A92277011517C097001B78AA /* Debug */,
				A92277021517C097001B78AA /* Release */,
			);
			defaultConfigurationIsVisible = 0;
			defaultConfigurationName = Release;
		};
/* End XCConfigurationList section */
	};
	rootObject = A92275341517C094001B78AA /* Project object */;
}
