<?xml version="1.0" encoding="utf-8"?>
<Project ToolsVersion="4.0" xmlns="http://schemas.microsoft.com/developer/msbuild/2003">
  <ItemGroup>
    <Filter Include="manual">
      <UniqueIdentifier>{4FC737F1-C7A5-4376-A066-2A32D752A2FF}</UniqueIdentifier>
      <Extensions>cpp;c;cc;cxx;def;odl;idl;hpj;bat;asm;asmx</Extensions>
    </Filter>
  </ItemGroup>
  <ItemGroup>
    <ClCompile Include="..\manual\network\jsb_websocket.cpp">
      <Filter>manual</Filter>
    </ClCompile>
    <ClCompile Include="..\manual\network\XMLHTTPRequest.cpp">
      <Filter>manual</Filter>
    </ClCompile>
    <ClCompile Include="..\manual\network\jsb_socketio.cpp">
      <Filter>manual</Filter>
    </ClCompile>
  </ItemGroup>
  <ItemGroup>
    <ClInclude Include="..\manual\network\jsb_websocket.h">
      <Filter>manual</Filter>
    </ClInclude>
    <ClInclude Include="..\manual\network\XMLHTTPRequest.h">
      <Filter>manual</Filter>
    </ClInclude>
    <ClInclude Include="..\manual\network\jsb_socketio.h">
      <Filter>manual</Filter>
    </ClInclude>
  </ItemGroup>
</Project>