// !$*UTF8*$!
{
	archiveVersion = 1;
	classes = {
	};
	objectVersion = 46;
	objects = {

/* Begin PBXBuildFile section */
		1A29354018BB1A9D0042800D /* libjs_static.a in Frameworks */ = {isa = PBXBuildFile; fileRef = 1A29353F18BB1A9D0042800D /* libjs_static.a */; };
		1A29354218BB1AB10042800D /* libjs_static.a in Frameworks */ = {isa = PBXBuildFile; fileRef = 1A29354118BB1AB10042800D /* libjs_static.a */; };
		1A540FF618B785110016A3AF /* jsb_cocos2dx_auto.cpp in Sources */ = {isa = PBXBuildFile; fileRef = 1A540F6B18B785110016A3AF /* jsb_cocos2dx_auto.cpp */; };
		1A540FF718B785110016A3AF /* jsb_cocos2dx_auto.cpp in Sources */ = {isa = PBXBuildFile; fileRef = 1A540F6B18B785110016A3AF /* jsb_cocos2dx_auto.cpp */; };
		1A540FF818B785110016A3AF /* jsb_cocos2dx_auto.hpp in Headers */ = {isa = PBXBuildFile; fileRef = 1A540F6C18B785110016A3AF /* jsb_cocos2dx_auto.hpp */; };
		1A540FF918B785110016A3AF /* jsb_cocos2dx_auto.hpp in Headers */ = {isa = PBXBuildFile; fileRef = 1A540F6C18B785110016A3AF /* jsb_cocos2dx_auto.hpp */; };
		1A540FFA18B785110016A3AF /* jsb_cocos2dx_auto_api.js in Sources */ = {isa = PBXBuildFile; fileRef = 1A540F6D18B785110016A3AF /* jsb_cocos2dx_auto_api.js */; };
		1A540FFB18B785110016A3AF /* jsb_cocos2dx_auto_api.js in Sources */ = {isa = PBXBuildFile; fileRef = 1A540F6D18B785110016A3AF /* jsb_cocos2dx_auto_api.js */; };
		1A540FFC18B785110016A3AF /* jsb_cocos2dx_builder_auto.cpp in Sources */ = {isa = PBXBuildFile; fileRef = 1A540F6E18B785110016A3AF /* jsb_cocos2dx_builder_auto.cpp */; };
		1A540FFD18B785110016A3AF /* jsb_cocos2dx_builder_auto.cpp in Sources */ = {isa = PBXBuildFile; fileRef = 1A540F6E18B785110016A3AF /* jsb_cocos2dx_builder_auto.cpp */; };
		1A540FFE18B785110016A3AF /* jsb_cocos2dx_builder_auto.hpp in Headers */ = {isa = PBXBuildFile; fileRef = 1A540F6F18B785110016A3AF /* jsb_cocos2dx_builder_auto.hpp */; };
		1A540FFF18B785110016A3AF /* jsb_cocos2dx_builder_auto.hpp in Headers */ = {isa = PBXBuildFile; fileRef = 1A540F6F18B785110016A3AF /* jsb_cocos2dx_builder_auto.hpp */; };
		1A54100018B785110016A3AF /* jsb_cocos2dx_builder_auto_api.js in Sources */ = {isa = PBXBuildFile; fileRef = 1A540F7018B785110016A3AF /* jsb_cocos2dx_builder_auto_api.js */; };
		1A54100118B785110016A3AF /* jsb_cocos2dx_builder_auto_api.js in Sources */ = {isa = PBXBuildFile; fileRef = 1A540F7018B785110016A3AF /* jsb_cocos2dx_builder_auto_api.js */; };
		1A54100218B785110016A3AF /* jsb_cocos2dx_extension_auto.cpp in Sources */ = {isa = PBXBuildFile; fileRef = 1A540F7118B785110016A3AF /* jsb_cocos2dx_extension_auto.cpp */; };
		1A54100318B785110016A3AF /* jsb_cocos2dx_extension_auto.cpp in Sources */ = {isa = PBXBuildFile; fileRef = 1A540F7118B785110016A3AF /* jsb_cocos2dx_extension_auto.cpp */; };
		1A54100418B785110016A3AF /* jsb_cocos2dx_extension_auto.hpp in Headers */ = {isa = PBXBuildFile; fileRef = 1A540F7218B785110016A3AF /* jsb_cocos2dx_extension_auto.hpp */; };
		1A54100518B785110016A3AF /* jsb_cocos2dx_extension_auto.hpp in Headers */ = {isa = PBXBuildFile; fileRef = 1A540F7218B785110016A3AF /* jsb_cocos2dx_extension_auto.hpp */; };
		1A54100618B785110016A3AF /* jsb_cocos2dx_extension_auto_api.js in Sources */ = {isa = PBXBuildFile; fileRef = 1A540F7318B785110016A3AF /* jsb_cocos2dx_extension_auto_api.js */; };
		1A54100718B785110016A3AF /* jsb_cocos2dx_extension_auto_api.js in Sources */ = {isa = PBXBuildFile; fileRef = 1A540F7318B785110016A3AF /* jsb_cocos2dx_extension_auto_api.js */; };
		1A54100818B785110016A3AF /* jsb_cocos2dx_gui_auto.cpp in Sources */ = {isa = PBXBuildFile; fileRef = 1A540F7418B785110016A3AF /* jsb_cocos2dx_gui_auto.cpp */; };
		1A54100918B785110016A3AF /* jsb_cocos2dx_gui_auto.cpp in Sources */ = {isa = PBXBuildFile; fileRef = 1A540F7418B785110016A3AF /* jsb_cocos2dx_gui_auto.cpp */; };
		1A54100A18B785110016A3AF /* jsb_cocos2dx_gui_auto.hpp in Headers */ = {isa = PBXBuildFile; fileRef = 1A540F7518B785110016A3AF /* jsb_cocos2dx_gui_auto.hpp */; };
		1A54100B18B785110016A3AF /* jsb_cocos2dx_gui_auto.hpp in Headers */ = {isa = PBXBuildFile; fileRef = 1A540F7518B785110016A3AF /* jsb_cocos2dx_gui_auto.hpp */; };
		1A54100C18B785110016A3AF /* jsb_cocos2dx_gui_auto_api.js in Sources */ = {isa = PBXBuildFile; fileRef = 1A540F7618B785110016A3AF /* jsb_cocos2dx_gui_auto_api.js */; };
		1A54100D18B785110016A3AF /* jsb_cocos2dx_gui_auto_api.js in Sources */ = {isa = PBXBuildFile; fileRef = 1A540F7618B785110016A3AF /* jsb_cocos2dx_gui_auto_api.js */; };
		1A54100E18B785110016A3AF /* jsb_cocos2dx_spine_auto.cpp in Sources */ = {isa = PBXBuildFile; fileRef = 1A540F7718B785110016A3AF /* jsb_cocos2dx_spine_auto.cpp */; };
		1A54100F18B785110016A3AF /* jsb_cocos2dx_spine_auto.cpp in Sources */ = {isa = PBXBuildFile; fileRef = 1A540F7718B785110016A3AF /* jsb_cocos2dx_spine_auto.cpp */; };
		1A54101018B785110016A3AF /* jsb_cocos2dx_spine_auto.hpp in Headers */ = {isa = PBXBuildFile; fileRef = 1A540F7818B785110016A3AF /* jsb_cocos2dx_spine_auto.hpp */; };
		1A54101118B785110016A3AF /* jsb_cocos2dx_spine_auto.hpp in Headers */ = {isa = PBXBuildFile; fileRef = 1A540F7818B785110016A3AF /* jsb_cocos2dx_spine_auto.hpp */; };
		1A54101218B785110016A3AF /* jsb_cocos2dx_spine_auto_api.js in Sources */ = {isa = PBXBuildFile; fileRef = 1A540F7918B785110016A3AF /* jsb_cocos2dx_spine_auto_api.js */; };
		1A54101318B785110016A3AF /* jsb_cocos2dx_spine_auto_api.js in Sources */ = {isa = PBXBuildFile; fileRef = 1A540F7918B785110016A3AF /* jsb_cocos2dx_spine_auto_api.js */; };
		1A54101418B785110016A3AF /* jsb_cocos2dx_studio_auto.cpp in Sources */ = {isa = PBXBuildFile; fileRef = 1A540F7A18B785110016A3AF /* jsb_cocos2dx_studio_auto.cpp */; };
		1A54101518B785110016A3AF /* jsb_cocos2dx_studio_auto.cpp in Sources */ = {isa = PBXBuildFile; fileRef = 1A540F7A18B785110016A3AF /* jsb_cocos2dx_studio_auto.cpp */; };
		1A54101618B785110016A3AF /* jsb_cocos2dx_studio_auto.hpp in Headers */ = {isa = PBXBuildFile; fileRef = 1A540F7B18B785110016A3AF /* jsb_cocos2dx_studio_auto.hpp */; };
		1A54101718B785110016A3AF /* jsb_cocos2dx_studio_auto.hpp in Headers */ = {isa = PBXBuildFile; fileRef = 1A540F7B18B785110016A3AF /* jsb_cocos2dx_studio_auto.hpp */; };
		1A54101818B785110016A3AF /* jsb_cocos2dx_studio_auto_api.js in Sources */ = {isa = PBXBuildFile; fileRef = 1A540F7C18B785110016A3AF /* jsb_cocos2dx_studio_auto_api.js */; };
		1A54101918B785110016A3AF /* jsb_cocos2dx_studio_auto_api.js in Sources */ = {isa = PBXBuildFile; fileRef = 1A540F7C18B785110016A3AF /* jsb_cocos2dx_studio_auto_api.js */; };
		1A54101A18B785110016A3AF /* js_bindings_chipmunk_auto_classes.cpp in Sources */ = {isa = PBXBuildFile; fileRef = 1A540F8118B785110016A3AF /* js_bindings_chipmunk_auto_classes.cpp */; };
		1A54101B18B785110016A3AF /* js_bindings_chipmunk_auto_classes.cpp in Sources */ = {isa = PBXBuildFile; fileRef = 1A540F8118B785110016A3AF /* js_bindings_chipmunk_auto_classes.cpp */; };
		1A54101C18B785110016A3AF /* js_bindings_chipmunk_auto_classes.h in Headers */ = {isa = PBXBuildFile; fileRef = 1A540F8218B785110016A3AF /* js_bindings_chipmunk_auto_classes.h */; };
		1A54101D18B785110016A3AF /* js_bindings_chipmunk_auto_classes.h in Headers */ = {isa = PBXBuildFile; fileRef = 1A540F8218B785110016A3AF /* js_bindings_chipmunk_auto_classes.h */; };
		1A54101E18B785110016A3AF /* js_bindings_chipmunk_auto_classes_registration.h in Headers */ = {isa = PBXBuildFile; fileRef = 1A540F8318B785110016A3AF /* js_bindings_chipmunk_auto_classes_registration.h */; };
		1A54101F18B785110016A3AF /* js_bindings_chipmunk_auto_classes_registration.h in Headers */ = {isa = PBXBuildFile; fileRef = 1A540F8318B785110016A3AF /* js_bindings_chipmunk_auto_classes_registration.h */; };
		1A54102018B785110016A3AF /* js_bindings_chipmunk_functions.cpp in Sources */ = {isa = PBXBuildFile; fileRef = 1A540F8418B785110016A3AF /* js_bindings_chipmunk_functions.cpp */; };
		1A54102118B785110016A3AF /* js_bindings_chipmunk_functions.cpp in Sources */ = {isa = PBXBuildFile; fileRef = 1A540F8418B785110016A3AF /* js_bindings_chipmunk_functions.cpp */; };
		1A54102218B785110016A3AF /* js_bindings_chipmunk_functions.h in Headers */ = {isa = PBXBuildFile; fileRef = 1A540F8518B785110016A3AF /* js_bindings_chipmunk_functions.h */; };
		1A54102318B785110016A3AF /* js_bindings_chipmunk_functions.h in Headers */ = {isa = PBXBuildFile; fileRef = 1A540F8518B785110016A3AF /* js_bindings_chipmunk_functions.h */; };
		1A54102418B785110016A3AF /* js_bindings_chipmunk_functions_registration.h in Headers */ = {isa = PBXBuildFile; fileRef = 1A540F8618B785110016A3AF /* js_bindings_chipmunk_functions_registration.h */; };
		1A54102518B785110016A3AF /* js_bindings_chipmunk_functions_registration.h in Headers */ = {isa = PBXBuildFile; fileRef = 1A540F8618B785110016A3AF /* js_bindings_chipmunk_functions_registration.h */; };
		1A54102618B785110016A3AF /* js_bindings_chipmunk_manual.cpp in Sources */ = {isa = PBXBuildFile; fileRef = 1A540F8718B785110016A3AF /* js_bindings_chipmunk_manual.cpp */; };
		1A54102718B785110016A3AF /* js_bindings_chipmunk_manual.cpp in Sources */ = {isa = PBXBuildFile; fileRef = 1A540F8718B785110016A3AF /* js_bindings_chipmunk_manual.cpp */; };
		1A54102818B785110016A3AF /* js_bindings_chipmunk_manual.h in Headers */ = {isa = PBXBuildFile; fileRef = 1A540F8818B785110016A3AF /* js_bindings_chipmunk_manual.h */; };
		1A54102918B785110016A3AF /* js_bindings_chipmunk_manual.h in Headers */ = {isa = PBXBuildFile; fileRef = 1A540F8818B785110016A3AF /* js_bindings_chipmunk_manual.h */; };
		1A54102A18B785110016A3AF /* js_bindings_chipmunk_registration.cpp in Sources */ = {isa = PBXBuildFile; fileRef = 1A540F8918B785110016A3AF /* js_bindings_chipmunk_registration.cpp */; };
		1A54102B18B785110016A3AF /* js_bindings_chipmunk_registration.cpp in Sources */ = {isa = PBXBuildFile; fileRef = 1A540F8918B785110016A3AF /* js_bindings_chipmunk_registration.cpp */; };
		1A54102C18B785110016A3AF /* js_bindings_chipmunk_registration.h in Headers */ = {isa = PBXBuildFile; fileRef = 1A540F8A18B785110016A3AF /* js_bindings_chipmunk_registration.h */; };
		1A54102D18B785110016A3AF /* js_bindings_chipmunk_registration.h in Headers */ = {isa = PBXBuildFile; fileRef = 1A540F8A18B785110016A3AF /* js_bindings_chipmunk_registration.h */; };
		1A54102E18B785110016A3AF /* cocos2d_specifics.cpp in Sources */ = {isa = PBXBuildFile; fileRef = 1A540F8F18B785110016A3AF /* cocos2d_specifics.cpp */; };
		1A54102F18B785110016A3AF /* cocos2d_specifics.cpp in Sources */ = {isa = PBXBuildFile; fileRef = 1A540F8F18B785110016A3AF /* cocos2d_specifics.cpp */; };
		1A54103018B785110016A3AF /* cocos2d_specifics.hpp in Headers */ = {isa = PBXBuildFile; fileRef = 1A540F9018B785110016A3AF /* cocos2d_specifics.hpp */; };
		1A54103118B785110016A3AF /* cocos2d_specifics.hpp in Headers */ = {isa = PBXBuildFile; fileRef = 1A540F9018B785110016A3AF /* cocos2d_specifics.hpp */; };
		1A54103218B785110016A3AF /* cocosbuilder_specifics.hpp in Headers */ = {isa = PBXBuildFile; fileRef = 1A540F9318B785110016A3AF /* cocosbuilder_specifics.hpp */; };
		1A54103318B785110016A3AF /* cocosbuilder_specifics.hpp in Headers */ = {isa = PBXBuildFile; fileRef = 1A540F9318B785110016A3AF /* cocosbuilder_specifics.hpp */; };
		1A54103418B785110016A3AF /* js_bindings_ccbreader.cpp in Sources */ = {isa = PBXBuildFile; fileRef = 1A540F9418B785110016A3AF /* js_bindings_ccbreader.cpp */; };
		1A54103518B785110016A3AF /* js_bindings_ccbreader.cpp in Sources */ = {isa = PBXBuildFile; fileRef = 1A540F9418B785110016A3AF /* js_bindings_ccbreader.cpp */; };
		1A54103618B785110016A3AF /* js_bindings_ccbreader.h in Headers */ = {isa = PBXBuildFile; fileRef = 1A540F9518B785110016A3AF /* js_bindings_ccbreader.h */; };
		1A54103718B785110016A3AF /* js_bindings_ccbreader.h in Headers */ = {isa = PBXBuildFile; fileRef = 1A540F9518B785110016A3AF /* js_bindings_ccbreader.h */; };
		1A54103818B785110016A3AF /* jsb_cocos2dx_studio_manual.cpp in Sources */ = {isa = PBXBuildFile; fileRef = 1A540F9B18B785110016A3AF /* jsb_cocos2dx_studio_manual.cpp */; };
		1A54103918B785110016A3AF /* jsb_cocos2dx_studio_manual.cpp in Sources */ = {isa = PBXBuildFile; fileRef = 1A540F9B18B785110016A3AF /* jsb_cocos2dx_studio_manual.cpp */; };
		1A54103A18B785110016A3AF /* jsb_cocos2dx_studio_manual.h in Headers */ = {isa = PBXBuildFile; fileRef = 1A540F9C18B785110016A3AF /* jsb_cocos2dx_studio_manual.h */; };
		1A54103B18B785110016A3AF /* jsb_cocos2dx_studio_manual.h in Headers */ = {isa = PBXBuildFile; fileRef = 1A540F9C18B785110016A3AF /* jsb_cocos2dx_studio_manual.h */; };
		1A54103C18B785110016A3AF /* jsb_cocos2dx_extension_manual.cpp in Sources */ = {isa = PBXBuildFile; fileRef = 1A540FA218B785110016A3AF /* jsb_cocos2dx_extension_manual.cpp */; };
		1A54103D18B785110016A3AF /* jsb_cocos2dx_extension_manual.cpp in Sources */ = {isa = PBXBuildFile; fileRef = 1A540FA218B785110016A3AF /* jsb_cocos2dx_extension_manual.cpp */; };
		1A54103E18B785110016A3AF /* jsb_cocos2dx_extension_manual.h in Headers */ = {isa = PBXBuildFile; fileRef = 1A540FA318B785110016A3AF /* jsb_cocos2dx_extension_manual.h */; };
		1A54103F18B785110016A3AF /* jsb_cocos2dx_extension_manual.h in Headers */ = {isa = PBXBuildFile; fileRef = 1A540FA318B785110016A3AF /* jsb_cocos2dx_extension_manual.h */; };
		1A54104018B785110016A3AF /* jsb_cocos2dx_gui_manual.cpp in Sources */ = {isa = PBXBuildFile; fileRef = 1A540FA918B785110016A3AF /* jsb_cocos2dx_gui_manual.cpp */; };
		1A54104118B785110016A3AF /* jsb_cocos2dx_gui_manual.cpp in Sources */ = {isa = PBXBuildFile; fileRef = 1A540FA918B785110016A3AF /* jsb_cocos2dx_gui_manual.cpp */; };
		1A54104218B785110016A3AF /* jsb_cocos2dx_gui_manual.h in Headers */ = {isa = PBXBuildFile; fileRef = 1A540FAA18B785110016A3AF /* jsb_cocos2dx_gui_manual.h */; };
		1A54104318B785110016A3AF /* jsb_cocos2dx_gui_manual.h in Headers */ = {isa = PBXBuildFile; fileRef = 1A540FAA18B785110016A3AF /* jsb_cocos2dx_gui_manual.h */; };
		1A54104418B785110016A3AF /* js_bindings_config.h in Headers */ = {isa = PBXBuildFile; fileRef = 1A540FAE18B785110016A3AF /* js_bindings_config.h */; };
		1A54104518B785110016A3AF /* js_bindings_config.h in Headers */ = {isa = PBXBuildFile; fileRef = 1A540FAE18B785110016A3AF /* js_bindings_config.h */; };
		1A54104618B785110016A3AF /* js_bindings_core.cpp in Sources */ = {isa = PBXBuildFile; fileRef = 1A540FAF18B785110016A3AF /* js_bindings_core.cpp */; };
		1A54104718B785110016A3AF /* js_bindings_core.cpp in Sources */ = {isa = PBXBuildFile; fileRef = 1A540FAF18B785110016A3AF /* js_bindings_core.cpp */; };
		1A54104818B785110016A3AF /* js_bindings_core.h in Headers */ = {isa = PBXBuildFile; fileRef = 1A540FB018B785110016A3AF /* js_bindings_core.h */; };
		1A54104918B785110016A3AF /* js_bindings_core.h in Headers */ = {isa = PBXBuildFile; fileRef = 1A540FB018B785110016A3AF /* js_bindings_core.h */; };
		1A54104A18B785110016A3AF /* js_bindings_opengl.cpp in Sources */ = {isa = PBXBuildFile; fileRef = 1A540FB118B785110016A3AF /* js_bindings_opengl.cpp */; };
		1A54104B18B785110016A3AF /* js_bindings_opengl.cpp in Sources */ = {isa = PBXBuildFile; fileRef = 1A540FB118B785110016A3AF /* js_bindings_opengl.cpp */; };
		1A54104C18B785110016A3AF /* js_bindings_opengl.h in Headers */ = {isa = PBXBuildFile; fileRef = 1A540FB218B785110016A3AF /* js_bindings_opengl.h */; };
		1A54104D18B785110016A3AF /* js_bindings_opengl.h in Headers */ = {isa = PBXBuildFile; fileRef = 1A540FB218B785110016A3AF /* js_bindings_opengl.h */; };
		1A54104E18B785110016A3AF /* js_manual_conversions.cpp in Sources */ = {isa = PBXBuildFile; fileRef = 1A540FB318B785110016A3AF /* js_manual_conversions.cpp */; };
		1A54104F18B785110016A3AF /* js_manual_conversions.cpp in Sources */ = {isa = PBXBuildFile; fileRef = 1A540FB318B785110016A3AF /* js_manual_conversions.cpp */; };
		1A54105018B785110016A3AF /* js_manual_conversions.h in Headers */ = {isa = PBXBuildFile; fileRef = 1A540FB418B785110016A3AF /* js_manual_conversions.h */; };
		1A54105118B785110016A3AF /* js_manual_conversions.h in Headers */ = {isa = PBXBuildFile; fileRef = 1A540FB418B785110016A3AF /* js_manual_conversions.h */; };
		1A54105218B785110016A3AF /* jsb_helper.h in Headers */ = {isa = PBXBuildFile; fileRef = 1A540FB518B785110016A3AF /* jsb_helper.h */; };
		1A54105318B785110016A3AF /* jsb_helper.h in Headers */ = {isa = PBXBuildFile; fileRef = 1A540FB518B785110016A3AF /* jsb_helper.h */; };
		1A54105418B785110016A3AF /* jsb_opengl_functions.cpp in Sources */ = {isa = PBXBuildFile; fileRef = 1A540FB618B785110016A3AF /* jsb_opengl_functions.cpp */; };
		1A54105518B785110016A3AF /* jsb_opengl_functions.cpp in Sources */ = {isa = PBXBuildFile; fileRef = 1A540FB618B785110016A3AF /* jsb_opengl_functions.cpp */; };
		1A54105618B785110016A3AF /* jsb_opengl_functions.h in Headers */ = {isa = PBXBuildFile; fileRef = 1A540FB718B785110016A3AF /* jsb_opengl_functions.h */; };
		1A54105718B785110016A3AF /* jsb_opengl_functions.h in Headers */ = {isa = PBXBuildFile; fileRef = 1A540FB718B785110016A3AF /* jsb_opengl_functions.h */; };
		1A54105818B785110016A3AF /* jsb_opengl_manual.cpp in Sources */ = {isa = PBXBuildFile; fileRef = 1A540FB818B785110016A3AF /* jsb_opengl_manual.cpp */; };
		1A54105918B785110016A3AF /* jsb_opengl_manual.cpp in Sources */ = {isa = PBXBuildFile; fileRef = 1A540FB818B785110016A3AF /* jsb_opengl_manual.cpp */; };
		1A54105A18B785110016A3AF /* jsb_opengl_manual.h in Headers */ = {isa = PBXBuildFile; fileRef = 1A540FB918B785110016A3AF /* jsb_opengl_manual.h */; };
		1A54105B18B785110016A3AF /* jsb_opengl_manual.h in Headers */ = {isa = PBXBuildFile; fileRef = 1A540FB918B785110016A3AF /* jsb_opengl_manual.h */; };
		1A54105C18B785110016A3AF /* jsb_opengl_registration.cpp in Sources */ = {isa = PBXBuildFile; fileRef = 1A540FBA18B785110016A3AF /* jsb_opengl_registration.cpp */; };
		1A54105D18B785110016A3AF /* jsb_opengl_registration.cpp in Sources */ = {isa = PBXBuildFile; fileRef = 1A540FBA18B785110016A3AF /* jsb_opengl_registration.cpp */; };
		1A54105E18B785110016A3AF /* jsb_opengl_registration.h in Headers */ = {isa = PBXBuildFile; fileRef = 1A540FBB18B785110016A3AF /* jsb_opengl_registration.h */; };
		1A54105F18B785110016A3AF /* jsb_opengl_registration.h in Headers */ = {isa = PBXBuildFile; fileRef = 1A540FBB18B785110016A3AF /* jsb_opengl_registration.h */; };
		1A54106018B785110016A3AF /* js_bindings_system_functions.cpp in Sources */ = {isa = PBXBuildFile; fileRef = 1A540FBE18B785110016A3AF /* js_bindings_system_functions.cpp */; };
		1A54106118B785110016A3AF /* js_bindings_system_functions.cpp in Sources */ = {isa = PBXBuildFile; fileRef = 1A540FBE18B785110016A3AF /* js_bindings_system_functions.cpp */; };
		1A54106218B785110016A3AF /* js_bindings_system_functions.h in Headers */ = {isa = PBXBuildFile; fileRef = 1A540FBF18B785110016A3AF /* js_bindings_system_functions.h */; };
		1A54106318B785110016A3AF /* js_bindings_system_functions.h in Headers */ = {isa = PBXBuildFile; fileRef = 1A540FBF18B785110016A3AF /* js_bindings_system_functions.h */; };
		1A54106418B785110016A3AF /* js_bindings_system_functions_registration.h in Headers */ = {isa = PBXBuildFile; fileRef = 1A540FC018B785110016A3AF /* js_bindings_system_functions_registration.h */; };
		1A54106518B785110016A3AF /* js_bindings_system_functions_registration.h in Headers */ = {isa = PBXBuildFile; fileRef = 1A540FC018B785110016A3AF /* js_bindings_system_functions_registration.h */; };
		1A54106618B785110016A3AF /* js_bindings_system_registration.cpp in Sources */ = {isa = PBXBuildFile; fileRef = 1A540FC118B785110016A3AF /* js_bindings_system_registration.cpp */; };
		1A54106718B785110016A3AF /* js_bindings_system_registration.cpp in Sources */ = {isa = PBXBuildFile; fileRef = 1A540FC118B785110016A3AF /* js_bindings_system_registration.cpp */; };
		1A54106818B785110016A3AF /* js_bindings_system_registration.h in Headers */ = {isa = PBXBuildFile; fileRef = 1A540FC218B785110016A3AF /* js_bindings_system_registration.h */; };
		1A54106918B785110016A3AF /* js_bindings_system_registration.h in Headers */ = {isa = PBXBuildFile; fileRef = 1A540FC218B785110016A3AF /* js_bindings_system_registration.h */; };
		1A54106A18B785110016A3AF /* jsb_websocket.cpp in Sources */ = {isa = PBXBuildFile; fileRef = 1A540FC818B785110016A3AF /* jsb_websocket.cpp */; };
		1A54106B18B785110016A3AF /* jsb_websocket.cpp in Sources */ = {isa = PBXBuildFile; fileRef = 1A540FC818B785110016A3AF /* jsb_websocket.cpp */; };
		1A54106C18B785110016A3AF /* jsb_websocket.h in Headers */ = {isa = PBXBuildFile; fileRef = 1A540FC918B785110016A3AF /* jsb_websocket.h */; };
		1A54106D18B785110016A3AF /* jsb_websocket.h in Headers */ = {isa = PBXBuildFile; fileRef = 1A540FC918B785110016A3AF /* jsb_websocket.h */; };
		1A54106E18B785110016A3AF /* XMLHTTPRequest.cpp in Sources */ = {isa = PBXBuildFile; fileRef = 1A540FCD18B785110016A3AF /* XMLHTTPRequest.cpp */; };
		1A54106F18B785110016A3AF /* XMLHTTPRequest.cpp in Sources */ = {isa = PBXBuildFile; fileRef = 1A540FCD18B785110016A3AF /* XMLHTTPRequest.cpp */; };
		1A54107018B785110016A3AF /* XMLHTTPRequest.h in Headers */ = {isa = PBXBuildFile; fileRef = 1A540FCE18B785110016A3AF /* XMLHTTPRequest.h */; };
		1A54107118B785110016A3AF /* XMLHTTPRequest.h in Headers */ = {isa = PBXBuildFile; fileRef = 1A540FCE18B785110016A3AF /* XMLHTTPRequest.h */; };
		1A54107218B785110016A3AF /* ScriptingCore.cpp in Sources */ = {isa = PBXBuildFile; fileRef = 1A540FD318B785110016A3AF /* ScriptingCore.cpp */; };
		1A54107318B785110016A3AF /* ScriptingCore.cpp in Sources */ = {isa = PBXBuildFile; fileRef = 1A540FD318B785110016A3AF /* ScriptingCore.cpp */; };
		1A54107418B785110016A3AF /* ScriptingCore.h in Headers */ = {isa = PBXBuildFile; fileRef = 1A540FD418B785110016A3AF /* ScriptingCore.h */; };
		1A54107518B785110016A3AF /* ScriptingCore.h in Headers */ = {isa = PBXBuildFile; fileRef = 1A540FD418B785110016A3AF /* ScriptingCore.h */; };
		1A54107618B785110016A3AF /* spidermonkey_specifics.h in Headers */ = {isa = PBXBuildFile; fileRef = 1A540FD518B785110016A3AF /* spidermonkey_specifics.h */; };
		1A54107718B785110016A3AF /* spidermonkey_specifics.h in Headers */ = {isa = PBXBuildFile; fileRef = 1A540FD518B785110016A3AF /* spidermonkey_specifics.h */; };
		1A54107818B785110016A3AF /* jsb_cocos2dx_spine_manual.cpp in Sources */ = {isa = PBXBuildFile; fileRef = 1A540FD818B785110016A3AF /* jsb_cocos2dx_spine_manual.cpp */; };
		1A54107918B785110016A3AF /* jsb_cocos2dx_spine_manual.cpp in Sources */ = {isa = PBXBuildFile; fileRef = 1A540FD818B785110016A3AF /* jsb_cocos2dx_spine_manual.cpp */; };
		1A54107A18B785110016A3AF /* jsb_cocos2dx_spine_manual.h in Headers */ = {isa = PBXBuildFile; fileRef = 1A540FD918B785110016A3AF /* jsb_cocos2dx_spine_manual.h */; };
		1A54107B18B785110016A3AF /* jsb_cocos2dx_spine_manual.h in Headers */ = {isa = PBXBuildFile; fileRef = 1A540FD918B785110016A3AF /* jsb_cocos2dx_spine_manual.h */; };
		1A54107C18B785110016A3AF /* root.js in Sources */ = {isa = PBXBuildFile; fileRef = 1A540FE018B785110016A3AF /* root.js */; };
		1A54107D18B785110016A3AF /* root.js in Sources */ = {isa = PBXBuildFile; fileRef = 1A540FE018B785110016A3AF /* root.js */; };
		1A54107E18B785110016A3AF /* script.js in Sources */ = {isa = PBXBuildFile; fileRef = 1A540FE118B785110016A3AF /* script.js */; };
		1A54107F18B785110016A3AF /* script.js in Sources */ = {isa = PBXBuildFile; fileRef = 1A540FE118B785110016A3AF /* script.js */; };
		1A54108018B785110016A3AF /* promise.js in Sources */ = {isa = PBXBuildFile; fileRef = 1A540FE318B785110016A3AF /* promise.js */; };
		1A54108118B785110016A3AF /* promise.js in Sources */ = {isa = PBXBuildFile; fileRef = 1A540FE318B785110016A3AF /* promise.js */; };
		1A54108218B785110016A3AF /* DevToolsUtils.js in Sources */ = {isa = PBXBuildFile; fileRef = 1A540FE418B785110016A3AF /* DevToolsUtils.js */; };
		1A54108318B785110016A3AF /* DevToolsUtils.js in Sources */ = {isa = PBXBuildFile; fileRef = 1A540FE418B785110016A3AF /* DevToolsUtils.js */; };
		1A54108418B785110016A3AF /* main.js in Sources */ = {isa = PBXBuildFile; fileRef = 1A540FE518B785110016A3AF /* main.js */; };
		1A54108518B785110016A3AF /* main.js in Sources */ = {isa = PBXBuildFile; fileRef = 1A540FE518B785110016A3AF /* main.js */; };
		1A54108618B785110016A3AF /* transport.js in Sources */ = {isa = PBXBuildFile; fileRef = 1A540FE718B785110016A3AF /* transport.js */; };
		1A54108718B785110016A3AF /* transport.js in Sources */ = {isa = PBXBuildFile; fileRef = 1A540FE718B785110016A3AF /* transport.js */; };
		1A54108818B785110016A3AF /* jsb.js in Sources */ = {isa = PBXBuildFile; fileRef = 1A540FE818B785110016A3AF /* jsb.js */; };
		1A54108918B785110016A3AF /* jsb.js in Sources */ = {isa = PBXBuildFile; fileRef = 1A540FE818B785110016A3AF /* jsb.js */; };
		1A54108A18B785110016A3AF /* jsb_chipmunk.js in Sources */ = {isa = PBXBuildFile; fileRef = 1A540FE918B785110016A3AF /* jsb_chipmunk.js */; };
		1A54108B18B785110016A3AF /* jsb_chipmunk.js in Sources */ = {isa = PBXBuildFile; fileRef = 1A540FE918B785110016A3AF /* jsb_chipmunk.js */; };
		1A54108C18B785110016A3AF /* jsb_chipmunk_constants.js in Sources */ = {isa = PBXBuildFile; fileRef = 1A540FEA18B785110016A3AF /* jsb_chipmunk_constants.js */; };
		1A54108D18B785110016A3AF /* jsb_chipmunk_constants.js in Sources */ = {isa = PBXBuildFile; fileRef = 1A540FEA18B785110016A3AF /* jsb_chipmunk_constants.js */; };
		1A54108E18B785110016A3AF /* jsb_cocos2d.js in Sources */ = {isa = PBXBuildFile; fileRef = 1A540FEB18B785110016A3AF /* jsb_cocos2d.js */; };
		1A54108F18B785110016A3AF /* jsb_cocos2d.js in Sources */ = {isa = PBXBuildFile; fileRef = 1A540FEB18B785110016A3AF /* jsb_cocos2d.js */; };
		1A54109018B785110016A3AF /* jsb_cocos2d_constants.js in Sources */ = {isa = PBXBuildFile; fileRef = 1A540FEC18B785110016A3AF /* jsb_cocos2d_constants.js */; };
		1A54109118B785110016A3AF /* jsb_cocos2d_constants.js in Sources */ = {isa = PBXBuildFile; fileRef = 1A540FEC18B785110016A3AF /* jsb_cocos2d_constants.js */; };
		1A54109218B785110016A3AF /* jsb_cocos2d_extension.js in Sources */ = {isa = PBXBuildFile; fileRef = 1A540FED18B785110016A3AF /* jsb_cocos2d_extension.js */; };
		1A54109318B785110016A3AF /* jsb_cocos2d_extension.js in Sources */ = {isa = PBXBuildFile; fileRef = 1A540FED18B785110016A3AF /* jsb_cocos2d_extension.js */; };
		1A54109418B785110016A3AF /* jsb_cocos2d_gui.js in Sources */ = {isa = PBXBuildFile; fileRef = 1A540FEE18B785110016A3AF /* jsb_cocos2d_gui.js */; };
		1A54109518B785110016A3AF /* jsb_cocos2d_gui.js in Sources */ = {isa = PBXBuildFile; fileRef = 1A540FEE18B785110016A3AF /* jsb_cocos2d_gui.js */; };
		1A54109618B785110016A3AF /* jsb_cocos2d_studio.js in Sources */ = {isa = PBXBuildFile; fileRef = 1A540FEF18B785110016A3AF /* jsb_cocos2d_studio.js */; };
		1A54109718B785110016A3AF /* jsb_cocos2d_studio.js in Sources */ = {isa = PBXBuildFile; fileRef = 1A540FEF18B785110016A3AF /* jsb_cocos2d_studio.js */; };
		1A54109818B785110016A3AF /* jsb_cocosbuilder.js in Sources */ = {isa = PBXBuildFile; fileRef = 1A540FF018B785110016A3AF /* jsb_cocosbuilder.js */; };
		1A54109918B785110016A3AF /* jsb_cocosbuilder.js in Sources */ = {isa = PBXBuildFile; fileRef = 1A540FF018B785110016A3AF /* jsb_cocosbuilder.js */; };
		1A54109A18B785110016A3AF /* jsb_debugger.js in Sources */ = {isa = PBXBuildFile; fileRef = 1A540FF118B785110016A3AF /* jsb_debugger.js */; };
		1A54109B18B785110016A3AF /* jsb_debugger.js in Sources */ = {isa = PBXBuildFile; fileRef = 1A540FF118B785110016A3AF /* jsb_debugger.js */; };
		1A54109C18B785110016A3AF /* jsb_deprecated.js in Sources */ = {isa = PBXBuildFile; fileRef = 1A540FF218B785110016A3AF /* jsb_deprecated.js */; };
		1A54109D18B785110016A3AF /* jsb_deprecated.js in Sources */ = {isa = PBXBuildFile; fileRef = 1A540FF218B785110016A3AF /* jsb_deprecated.js */; };
		1A54109E18B785110016A3AF /* jsb_opengl.js in Sources */ = {isa = PBXBuildFile; fileRef = 1A540FF318B785110016A3AF /* jsb_opengl.js */; };
		1A54109F18B785110016A3AF /* jsb_opengl.js in Sources */ = {isa = PBXBuildFile; fileRef = 1A540FF318B785110016A3AF /* jsb_opengl.js */; };
		1A5410A018B785110016A3AF /* jsb_opengl_constants.js in Sources */ = {isa = PBXBuildFile; fileRef = 1A540FF418B785110016A3AF /* jsb_opengl_constants.js */; };
		1A5410A118B785110016A3AF /* jsb_opengl_constants.js in Sources */ = {isa = PBXBuildFile; fileRef = 1A540FF418B785110016A3AF /* jsb_opengl_constants.js */; };
		1A5410A218B785110016A3AF /* jsb_sys.js in Sources */ = {isa = PBXBuildFile; fileRef = 1A540FF518B785110016A3AF /* jsb_sys.js */; };
		1A5410A318B785110016A3AF /* jsb_sys.js in Sources */ = {isa = PBXBuildFile; fileRef = 1A540FF518B785110016A3AF /* jsb_sys.js */; };
/* End PBXBuildFile section */

/* Begin PBXFileReference section */
		1A29353F18BB1A9D0042800D /* libjs_static.a */ = {isa = PBXFileReference; lastKnownFileType = archive.ar; name = libjs_static.a; path = ../spidermonkey/prebuilt/ios/libjs_static.a; sourceTree = "<group>"; };
		1A29354118BB1AB10042800D /* libjs_static.a */ = {isa = PBXFileReference; lastKnownFileType = archive.ar; name = libjs_static.a; path = ../spidermonkey/prebuilt/mac/libjs_static.a; sourceTree = "<group>"; };
		1A540F6B18B785110016A3AF /* jsb_cocos2dx_auto.cpp */ = {isa = PBXFileReference; fileEncoding = 4; lastKnownFileType = sourcecode.cpp.cpp; path = jsb_cocos2dx_auto.cpp; sourceTree = "<group>"; };
		1A540F6C18B785110016A3AF /* jsb_cocos2dx_auto.hpp */ = {isa = PBXFileReference; fileEncoding = 4; lastKnownFileType = sourcecode.cpp.h; path = jsb_cocos2dx_auto.hpp; sourceTree = "<group>"; };
		1A540F6D18B785110016A3AF /* jsb_cocos2dx_auto_api.js */ = {isa = PBXFileReference; fileEncoding = 4; lastKnownFileType = sourcecode.javascript; path = jsb_cocos2dx_auto_api.js; sourceTree = "<group>"; };
		1A540F6E18B785110016A3AF /* jsb_cocos2dx_builder_auto.cpp */ = {isa = PBXFileReference; fileEncoding = 4; lastKnownFileType = sourcecode.cpp.cpp; path = jsb_cocos2dx_builder_auto.cpp; sourceTree = "<group>"; };
		1A540F6F18B785110016A3AF /* jsb_cocos2dx_builder_auto.hpp */ = {isa = PBXFileReference; fileEncoding = 4; lastKnownFileType = sourcecode.cpp.h; path = jsb_cocos2dx_builder_auto.hpp; sourceTree = "<group>"; };
		1A540F7018B785110016A3AF /* jsb_cocos2dx_builder_auto_api.js */ = {isa = PBXFileReference; fileEncoding = 4; lastKnownFileType = sourcecode.javascript; path = jsb_cocos2dx_builder_auto_api.js; sourceTree = "<group>"; };
		1A540F7118B785110016A3AF /* jsb_cocos2dx_extension_auto.cpp */ = {isa = PBXFileReference; fileEncoding = 4; lastKnownFileType = sourcecode.cpp.cpp; path = jsb_cocos2dx_extension_auto.cpp; sourceTree = "<group>"; };
		1A540F7218B785110016A3AF /* jsb_cocos2dx_extension_auto.hpp */ = {isa = PBXFileReference; fileEncoding = 4; lastKnownFileType = sourcecode.cpp.h; path = jsb_cocos2dx_extension_auto.hpp; sourceTree = "<group>"; };
		1A540F7318B785110016A3AF /* jsb_cocos2dx_extension_auto_api.js */ = {isa = PBXFileReference; fileEncoding = 4; lastKnownFileType = sourcecode.javascript; path = jsb_cocos2dx_extension_auto_api.js; sourceTree = "<group>"; };
		1A540F7418B785110016A3AF /* jsb_cocos2dx_gui_auto.cpp */ = {isa = PBXFileReference; fileEncoding = 4; lastKnownFileType = sourcecode.cpp.cpp; path = jsb_cocos2dx_gui_auto.cpp; sourceTree = "<group>"; };
		1A540F7518B785110016A3AF /* jsb_cocos2dx_gui_auto.hpp */ = {isa = PBXFileReference; fileEncoding = 4; lastKnownFileType = sourcecode.cpp.h; path = jsb_cocos2dx_gui_auto.hpp; sourceTree = "<group>"; };
		1A540F7618B785110016A3AF /* jsb_cocos2dx_gui_auto_api.js */ = {isa = PBXFileReference; fileEncoding = 4; lastKnownFileType = sourcecode.javascript; path = jsb_cocos2dx_gui_auto_api.js; sourceTree = "<group>"; };
		1A540F7718B785110016A3AF /* jsb_cocos2dx_spine_auto.cpp */ = {isa = PBXFileReference; fileEncoding = 4; lastKnownFileType = sourcecode.cpp.cpp; path = jsb_cocos2dx_spine_auto.cpp; sourceTree = "<group>"; };
		1A540F7818B785110016A3AF /* jsb_cocos2dx_spine_auto.hpp */ = {isa = PBXFileReference; fileEncoding = 4; lastKnownFileType = sourcecode.cpp.h; path = jsb_cocos2dx_spine_auto.hpp; sourceTree = "<group>"; };
		1A540F7918B785110016A3AF /* jsb_cocos2dx_spine_auto_api.js */ = {isa = PBXFileReference; fileEncoding = 4; lastKnownFileType = sourcecode.javascript; path = jsb_cocos2dx_spine_auto_api.js; sourceTree = "<group>"; };
		1A540F7A18B785110016A3AF /* jsb_cocos2dx_studio_auto.cpp */ = {isa = PBXFileReference; fileEncoding = 4; lastKnownFileType = sourcecode.cpp.cpp; path = jsb_cocos2dx_studio_auto.cpp; sourceTree = "<group>"; };
		1A540F7B18B785110016A3AF /* jsb_cocos2dx_studio_auto.hpp */ = {isa = PBXFileReference; fileEncoding = 4; lastKnownFileType = sourcecode.cpp.h; path = jsb_cocos2dx_studio_auto.hpp; sourceTree = "<group>"; };
		1A540F7C18B785110016A3AF /* jsb_cocos2dx_studio_auto_api.js */ = {isa = PBXFileReference; fileEncoding = 4; lastKnownFileType = sourcecode.javascript; path = jsb_cocos2dx_studio_auto_api.js; sourceTree = "<group>"; };
		1A540F8118B785110016A3AF /* js_bindings_chipmunk_auto_classes.cpp */ = {isa = PBXFileReference; fileEncoding = 4; lastKnownFileType = sourcecode.cpp.cpp; path = js_bindings_chipmunk_auto_classes.cpp; sourceTree = "<group>"; };
		1A540F8218B785110016A3AF /* js_bindings_chipmunk_auto_classes.h */ = {isa = PBXFileReference; fileEncoding = 4; lastKnownFileType = sourcecode.c.h; path = js_bindings_chipmunk_auto_classes.h; sourceTree = "<group>"; };
		1A540F8318B785110016A3AF /* js_bindings_chipmunk_auto_classes_registration.h */ = {isa = PBXFileReference; fileEncoding = 4; lastKnownFileType = sourcecode.c.h; path = js_bindings_chipmunk_auto_classes_registration.h; sourceTree = "<group>"; };
		1A540F8418B785110016A3AF /* js_bindings_chipmunk_functions.cpp */ = {isa = PBXFileReference; fileEncoding = 4; lastKnownFileType = sourcecode.cpp.cpp; path = js_bindings_chipmunk_functions.cpp; sourceTree = "<group>"; };
		1A540F8518B785110016A3AF /* js_bindings_chipmunk_functions.h */ = {isa = PBXFileReference; fileEncoding = 4; lastKnownFileType = sourcecode.c.h; path = js_bindings_chipmunk_functions.h; sourceTree = "<group>"; };
		1A540F8618B785110016A3AF /* js_bindings_chipmunk_functions_registration.h */ = {isa = PBXFileReference; fileEncoding = 4; lastKnownFileType = sourcecode.c.h; path = js_bindings_chipmunk_functions_registration.h; sourceTree = "<group>"; };
		1A540F8718B785110016A3AF /* js_bindings_chipmunk_manual.cpp */ = {isa = PBXFileReference; fileEncoding = 4; lastKnownFileType = sourcecode.cpp.cpp; path = js_bindings_chipmunk_manual.cpp; sourceTree = "<group>"; };
		1A540F8818B785110016A3AF /* js_bindings_chipmunk_manual.h */ = {isa = PBXFileReference; fileEncoding = 4; lastKnownFileType = sourcecode.c.h; path = js_bindings_chipmunk_manual.h; sourceTree = "<group>"; };
		1A540F8918B785110016A3AF /* js_bindings_chipmunk_registration.cpp */ = {isa = PBXFileReference; fileEncoding = 4; lastKnownFileType = sourcecode.cpp.cpp; path = js_bindings_chipmunk_registration.cpp; sourceTree = "<group>"; };
		1A540F8A18B785110016A3AF /* js_bindings_chipmunk_registration.h */ = {isa = PBXFileReference; fileEncoding = 4; lastKnownFileType = sourcecode.c.h; path = js_bindings_chipmunk_registration.h; sourceTree = "<group>"; };
		1A540F8F18B785110016A3AF /* cocos2d_specifics.cpp */ = {isa = PBXFileReference; fileEncoding = 4; lastKnownFileType = sourcecode.cpp.cpp; path = cocos2d_specifics.cpp; sourceTree = "<group>"; };
		1A540F9018B785110016A3AF /* cocos2d_specifics.hpp */ = {isa = PBXFileReference; fileEncoding = 4; lastKnownFileType = sourcecode.cpp.h; path = cocos2d_specifics.hpp; sourceTree = "<group>"; };
		1A540F9318B785110016A3AF /* cocosbuilder_specifics.hpp */ = {isa = PBXFileReference; fileEncoding = 4; lastKnownFileType = sourcecode.cpp.h; path = cocosbuilder_specifics.hpp; sourceTree = "<group>"; };
		1A540F9418B785110016A3AF /* js_bindings_ccbreader.cpp */ = {isa = PBXFileReference; fileEncoding = 4; lastKnownFileType = sourcecode.cpp.cpp; path = js_bindings_ccbreader.cpp; sourceTree = "<group>"; };
		1A540F9518B785110016A3AF /* js_bindings_ccbreader.h */ = {isa = PBXFileReference; fileEncoding = 4; lastKnownFileType = sourcecode.c.h; path = js_bindings_ccbreader.h; sourceTree = "<group>"; };
		1A540F9B18B785110016A3AF /* jsb_cocos2dx_studio_manual.cpp */ = {isa = PBXFileReference; fileEncoding = 4; lastKnownFileType = sourcecode.cpp.cpp; path = jsb_cocos2dx_studio_manual.cpp; sourceTree = "<group>"; };
		1A540F9C18B785110016A3AF /* jsb_cocos2dx_studio_manual.h */ = {isa = PBXFileReference; fileEncoding = 4; lastKnownFileType = sourcecode.c.h; path = jsb_cocos2dx_studio_manual.h; sourceTree = "<group>"; };
		1A540FA218B785110016A3AF /* jsb_cocos2dx_extension_manual.cpp */ = {isa = PBXFileReference; fileEncoding = 4; lastKnownFileType = sourcecode.cpp.cpp; path = jsb_cocos2dx_extension_manual.cpp; sourceTree = "<group>"; };
		1A540FA318B785110016A3AF /* jsb_cocos2dx_extension_manual.h */ = {isa = PBXFileReference; fileEncoding = 4; lastKnownFileType = sourcecode.c.h; path = jsb_cocos2dx_extension_manual.h; sourceTree = "<group>"; };
		1A540FA818B785110016A3AF /* Android.mk */ = {isa = PBXFileReference; fileEncoding = 4; lastKnownFileType = text; path = Android.mk; sourceTree = "<group>"; };
		1A540FA918B785110016A3AF /* jsb_cocos2dx_gui_manual.cpp */ = {isa = PBXFileReference; fileEncoding = 4; lastKnownFileType = sourcecode.cpp.cpp; path = jsb_cocos2dx_gui_manual.cpp; sourceTree = "<group>"; };
		1A540FAA18B785110016A3AF /* jsb_cocos2dx_gui_manual.h */ = {isa = PBXFileReference; fileEncoding = 4; lastKnownFileType = sourcecode.c.h; path = jsb_cocos2dx_gui_manual.h; sourceTree = "<group>"; };
		1A540FAB18B785110016A3AF /* libJSBindingForGui.vcxproj */ = {isa = PBXFileReference; fileEncoding = 4; lastKnownFileType = text.xml; path = libJSBindingForGui.vcxproj; sourceTree = "<group>"; };
		1A540FAC18B785110016A3AF /* libJSBindingForGui.vcxproj.filters */ = {isa = PBXFileReference; fileEncoding = 4; lastKnownFileType = text.xml; path = libJSBindingForGui.vcxproj.filters; sourceTree = "<group>"; };
		1A540FAD18B785110016A3AF /* libJSBindingForGui.vcxproj.user */ = {isa = PBXFileReference; fileEncoding = 4; lastKnownFileType = text.xml; path = libJSBindingForGui.vcxproj.user; sourceTree = "<group>"; };
		1A540FAE18B785110016A3AF /* js_bindings_config.h */ = {isa = PBXFileReference; fileEncoding = 4; lastKnownFileType = sourcecode.c.h; path = js_bindings_config.h; sourceTree = "<group>"; };
		1A540FAF18B785110016A3AF /* js_bindings_core.cpp */ = {isa = PBXFileReference; fileEncoding = 4; lastKnownFileType = sourcecode.cpp.cpp; path = js_bindings_core.cpp; sourceTree = "<group>"; };
		1A540FB018B785110016A3AF /* js_bindings_core.h */ = {isa = PBXFileReference; fileEncoding = 4; lastKnownFileType = sourcecode.c.h; path = js_bindings_core.h; sourceTree = "<group>"; };
		1A540FB118B785110016A3AF /* js_bindings_opengl.cpp */ = {isa = PBXFileReference; fileEncoding = 4; lastKnownFileType = sourcecode.cpp.cpp; path = js_bindings_opengl.cpp; sourceTree = "<group>"; };
		1A540FB218B785110016A3AF /* js_bindings_opengl.h */ = {isa = PBXFileReference; fileEncoding = 4; lastKnownFileType = sourcecode.c.h; path = js_bindings_opengl.h; sourceTree = "<group>"; };
		1A540FB318B785110016A3AF /* js_manual_conversions.cpp */ = {isa = PBXFileReference; fileEncoding = 4; lastKnownFileType = sourcecode.cpp.cpp; path = js_manual_conversions.cpp; sourceTree = "<group>"; };
		1A540FB418B785110016A3AF /* js_manual_conversions.h */ = {isa = PBXFileReference; fileEncoding = 4; lastKnownFileType = sourcecode.c.h; path = js_manual_conversions.h; sourceTree = "<group>"; };
		1A540FB518B785110016A3AF /* jsb_helper.h */ = {isa = PBXFileReference; fileEncoding = 4; lastKnownFileType = sourcecode.c.h; path = jsb_helper.h; sourceTree = "<group>"; };
		1A540FB618B785110016A3AF /* jsb_opengl_functions.cpp */ = {isa = PBXFileReference; fileEncoding = 4; lastKnownFileType = sourcecode.cpp.cpp; path = jsb_opengl_functions.cpp; sourceTree = "<group>"; };
		1A540FB718B785110016A3AF /* jsb_opengl_functions.h */ = {isa = PBXFileReference; fileEncoding = 4; lastKnownFileType = sourcecode.c.h; path = jsb_opengl_functions.h; sourceTree = "<group>"; };
		1A540FB818B785110016A3AF /* jsb_opengl_manual.cpp */ = {isa = PBXFileReference; fileEncoding = 4; lastKnownFileType = sourcecode.cpp.cpp; path = jsb_opengl_manual.cpp; sourceTree = "<group>"; };
		1A540FB918B785110016A3AF /* jsb_opengl_manual.h */ = {isa = PBXFileReference; fileEncoding = 4; lastKnownFileType = sourcecode.c.h; path = jsb_opengl_manual.h; sourceTree = "<group>"; };
		1A540FBA18B785110016A3AF /* jsb_opengl_registration.cpp */ = {isa = PBXFileReference; fileEncoding = 4; lastKnownFileType = sourcecode.cpp.cpp; path = jsb_opengl_registration.cpp; sourceTree = "<group>"; };
		1A540FBB18B785110016A3AF /* jsb_opengl_registration.h */ = {isa = PBXFileReference; fileEncoding = 4; lastKnownFileType = sourcecode.c.h; path = jsb_opengl_registration.h; sourceTree = "<group>"; };
		1A540FBE18B785110016A3AF /* js_bindings_system_functions.cpp */ = {isa = PBXFileReference; fileEncoding = 4; lastKnownFileType = sourcecode.cpp.cpp; path = js_bindings_system_functions.cpp; sourceTree = "<group>"; };
		1A540FBF18B785110016A3AF /* js_bindings_system_functions.h */ = {isa = PBXFileReference; fileEncoding = 4; lastKnownFileType = sourcecode.c.h; path = js_bindings_system_functions.h; sourceTree = "<group>"; };
		1A540FC018B785110016A3AF /* js_bindings_system_functions_registration.h */ = {isa = PBXFileReference; fileEncoding = 4; lastKnownFileType = sourcecode.c.h; path = js_bindings_system_functions_registration.h; sourceTree = "<group>"; };
		1A540FC118B785110016A3AF /* js_bindings_system_registration.cpp */ = {isa = PBXFileReference; fileEncoding = 4; lastKnownFileType = sourcecode.cpp.cpp; path = js_bindings_system_registration.cpp; sourceTree = "<group>"; };
		1A540FC218B785110016A3AF /* js_bindings_system_registration.h */ = {isa = PBXFileReference; fileEncoding = 4; lastKnownFileType = sourcecode.c.h; path = js_bindings_system_registration.h; sourceTree = "<group>"; };
		1A540FC818B785110016A3AF /* jsb_websocket.cpp */ = {isa = PBXFileReference; fileEncoding = 4; lastKnownFileType = sourcecode.cpp.cpp; path = jsb_websocket.cpp; sourceTree = "<group>"; };
		1A540FC918B785110016A3AF /* jsb_websocket.h */ = {isa = PBXFileReference; fileEncoding = 4; lastKnownFileType = sourcecode.c.h; path = jsb_websocket.h; sourceTree = "<group>"; };
		1A540FCD18B785110016A3AF /* XMLHTTPRequest.cpp */ = {isa = PBXFileReference; fileEncoding = 4; lastKnownFileType = sourcecode.cpp.cpp; path = XMLHTTPRequest.cpp; sourceTree = "<group>"; };
		1A540FCE18B785110016A3AF /* XMLHTTPRequest.h */ = {isa = PBXFileReference; fileEncoding = 4; lastKnownFileType = sourcecode.c.h; path = XMLHTTPRequest.h; sourceTree = "<group>"; };
		1A540FD318B785110016A3AF /* ScriptingCore.cpp */ = {isa = PBXFileReference; fileEncoding = 4; lastKnownFileType = sourcecode.cpp.cpp; path = ScriptingCore.cpp; sourceTree = "<group>"; };
		1A540FD418B785110016A3AF /* ScriptingCore.h */ = {isa = PBXFileReference; fileEncoding = 4; lastKnownFileType = sourcecode.c.h; path = ScriptingCore.h; sourceTree = "<group>"; };
		1A540FD518B785110016A3AF /* spidermonkey_specifics.h */ = {isa = PBXFileReference; fileEncoding = 4; lastKnownFileType = sourcecode.c.h; path = spidermonkey_specifics.h; sourceTree = "<group>"; };
		1A540FD818B785110016A3AF /* jsb_cocos2dx_spine_manual.cpp */ = {isa = PBXFileReference; fileEncoding = 4; lastKnownFileType = sourcecode.cpp.cpp; path = jsb_cocos2dx_spine_manual.cpp; sourceTree = "<group>"; };
		1A540FD918B785110016A3AF /* jsb_cocos2dx_spine_manual.h */ = {isa = PBXFileReference; fileEncoding = 4; lastKnownFileType = sourcecode.c.h; path = jsb_cocos2dx_spine_manual.h; sourceTree = "<group>"; };
		1A540FE018B785110016A3AF /* root.js */ = {isa = PBXFileReference; fileEncoding = 4; lastKnownFileType = sourcecode.javascript; path = root.js; sourceTree = "<group>"; };
		1A540FE118B785110016A3AF /* script.js */ = {isa = PBXFileReference; fileEncoding = 4; lastKnownFileType = sourcecode.javascript; path = script.js; sourceTree = "<group>"; };
		1A540FE318B785110016A3AF /* promise.js */ = {isa = PBXFileReference; fileEncoding = 4; lastKnownFileType = sourcecode.javascript; path = promise.js; sourceTree = "<group>"; };
		1A540FE418B785110016A3AF /* DevToolsUtils.js */ = {isa = PBXFileReference; fileEncoding = 4; lastKnownFileType = sourcecode.javascript; path = DevToolsUtils.js; sourceTree = "<group>"; };
		1A540FE518B785110016A3AF /* main.js */ = {isa = PBXFileReference; fileEncoding = 4; lastKnownFileType = sourcecode.javascript; path = main.js; sourceTree = "<group>"; };
		1A540FE618B785110016A3AF /* README.md */ = {isa = PBXFileReference; fileEncoding = 4; lastKnownFileType = text; path = README.md; sourceTree = "<group>"; };
		1A540FE718B785110016A3AF /* transport.js */ = {isa = PBXFileReference; fileEncoding = 4; lastKnownFileType = sourcecode.javascript; path = transport.js; sourceTree = "<group>"; };
		1A540FE818B785110016A3AF /* jsb.js */ = {isa = PBXFileReference; fileEncoding = 4; lastKnownFileType = sourcecode.javascript; path = jsb.js; sourceTree = "<group>"; };
		1A540FE918B785110016A3AF /* jsb_chipmunk.js */ = {isa = PBXFileReference; fileEncoding = 4; lastKnownFileType = sourcecode.javascript; path = jsb_chipmunk.js; sourceTree = "<group>"; };
		1A540FEA18B785110016A3AF /* jsb_chipmunk_constants.js */ = {isa = PBXFileReference; fileEncoding = 4; lastKnownFileType = sourcecode.javascript; path = jsb_chipmunk_constants.js; sourceTree = "<group>"; };
		1A540FEB18B785110016A3AF /* jsb_cocos2d.js */ = {isa = PBXFileReference; fileEncoding = 4; lastKnownFileType = sourcecode.javascript; path = jsb_cocos2d.js; sourceTree = "<group>"; };
		1A540FEC18B785110016A3AF /* jsb_cocos2d_constants.js */ = {isa = PBXFileReference; fileEncoding = 4; lastKnownFileType = sourcecode.javascript; path = jsb_cocos2d_constants.js; sourceTree = "<group>"; };
		1A540FED18B785110016A3AF /* jsb_cocos2d_extension.js */ = {isa = PBXFileReference; fileEncoding = 4; lastKnownFileType = sourcecode.javascript; path = jsb_cocos2d_extension.js; sourceTree = "<group>"; };
		1A540FEE18B785110016A3AF /* jsb_cocos2d_gui.js */ = {isa = PBXFileReference; fileEncoding = 4; lastKnownFileType = sourcecode.javascript; path = jsb_cocos2d_gui.js; sourceTree = "<group>"; };
		1A540FEF18B785110016A3AF /* jsb_cocos2d_studio.js */ = {isa = PBXFileReference; fileEncoding = 4; lastKnownFileType = sourcecode.javascript; path = jsb_cocos2d_studio.js; sourceTree = "<group>"; };
		1A540FF018B785110016A3AF /* jsb_cocosbuilder.js */ = {isa = PBXFileReference; fileEncoding = 4; lastKnownFileType = sourcecode.javascript; path = jsb_cocosbuilder.js; sourceTree = "<group>"; };
		1A540FF118B785110016A3AF /* jsb_debugger.js */ = {isa = PBXFileReference; fileEncoding = 4; lastKnownFileType = sourcecode.javascript; path = jsb_debugger.js; sourceTree = "<group>"; };
		1A540FF218B785110016A3AF /* jsb_deprecated.js */ = {isa = PBXFileReference; fileEncoding = 4; lastKnownFileType = sourcecode.javascript; path = jsb_deprecated.js; sourceTree = "<group>"; };
		1A540FF318B785110016A3AF /* jsb_opengl.js */ = {isa = PBXFileReference; fileEncoding = 4; lastKnownFileType = sourcecode.javascript; path = jsb_opengl.js; sourceTree = "<group>"; };
		1A540FF418B785110016A3AF /* jsb_opengl_constants.js */ = {isa = PBXFileReference; fileEncoding = 4; lastKnownFileType = sourcecode.javascript; path = jsb_opengl_constants.js; sourceTree = "<group>"; };
		1A540FF518B785110016A3AF /* jsb_sys.js */ = {isa = PBXFileReference; fileEncoding = 4; lastKnownFileType = sourcecode.javascript; path = jsb_sys.js; sourceTree = "<group>"; };
		1A5410A418B785A10016A3AF /* libjsbindings Mac.a */ = {isa = PBXFileReference; explicitFileType = archive.ar; includeInIndex = 0; path = "libjsbindings Mac.a"; sourceTree = BUILT_PRODUCTS_DIR; };
		1A5410A518B785A10016A3AF /* libjsbindings iOS.a */ = {isa = PBXFileReference; explicitFileType = archive.ar; includeInIndex = 0; path = "libjsbindings iOS.a"; sourceTree = BUILT_PRODUCTS_DIR; };
/* End PBXFileReference section */

/* Begin PBXFrameworksBuildPhase section */
		A03F31F01781479B006731B9 /* Frameworks */ = {
			isa = PBXFrameworksBuildPhase;
			buildActionMask = 2147483647;
			files = (
				1A29354218BB1AB10042800D /* libjs_static.a in Frameworks */,
			);
			runOnlyForDeploymentPostprocessing = 0;
		};
		A07A4FCC178387750073F6A7 /* Frameworks */ = {
			isa = PBXFrameworksBuildPhase;
			buildActionMask = 2147483647;
			files = (
				1A29354018BB1A9D0042800D /* libjs_static.a in Frameworks */,
			);
			runOnlyForDeploymentPostprocessing = 0;
		};
/* End PBXFrameworksBuildPhase section */

/* Begin PBXGroup section */
		1551A334158F2AB200E66CFE = {
			isa = PBXGroup;
			children = (
				1A540F6A18B785110016A3AF /* auto */,
				1A5410A518B785A10016A3AF /* libjsbindings iOS.a */,
				1A5410A418B785A10016A3AF /* libjsbindings Mac.a */,
				1A540F7D18B785110016A3AF /* manual */,
				1A540FDD18B785110016A3AF /* script */,
				1A29353C18BB1A7D0042800D /* spidermonkey */,
			);
			sourceTree = "<group>";
		};
		1A29353C18BB1A7D0042800D /* spidermonkey */ = {
			isa = PBXGroup;
			children = (
				1A29353E18BB1A870042800D /* ios */,
				1A29353D18BB1A820042800D /* mac */,
			);
			name = spidermonkey;
			sourceTree = "<group>";
		};
		1A29353D18BB1A820042800D /* mac */ = {
			isa = PBXGroup;
			children = (
				1A29354118BB1AB10042800D /* libjs_static.a */,
			);
			name = mac;
			sourceTree = "<group>";
		};
		1A29353E18BB1A870042800D /* ios */ = {
			isa = PBXGroup;
			children = (
				1A29353F18BB1A9D0042800D /* libjs_static.a */,
			);
			name = ios;
			sourceTree = "<group>";
		};
		1A540F6A18B785110016A3AF /* auto */ = {
			isa = PBXGroup;
			children = (
				1A540F6B18B785110016A3AF /* jsb_cocos2dx_auto.cpp */,
				1A540F6C18B785110016A3AF /* jsb_cocos2dx_auto.hpp */,
				1A540F6D18B785110016A3AF /* jsb_cocos2dx_auto_api.js */,
				1A540F6E18B785110016A3AF /* jsb_cocos2dx_builder_auto.cpp */,
				1A540F6F18B785110016A3AF /* jsb_cocos2dx_builder_auto.hpp */,
				1A540F7018B785110016A3AF /* jsb_cocos2dx_builder_auto_api.js */,
				1A540F7118B785110016A3AF /* jsb_cocos2dx_extension_auto.cpp */,
				1A540F7218B785110016A3AF /* jsb_cocos2dx_extension_auto.hpp */,
				1A540F7318B785110016A3AF /* jsb_cocos2dx_extension_auto_api.js */,
				1A540F7418B785110016A3AF /* jsb_cocos2dx_gui_auto.cpp */,
				1A540F7518B785110016A3AF /* jsb_cocos2dx_gui_auto.hpp */,
				1A540F7618B785110016A3AF /* jsb_cocos2dx_gui_auto_api.js */,
				1A540F7718B785110016A3AF /* jsb_cocos2dx_spine_auto.cpp */,
				1A540F7818B785110016A3AF /* jsb_cocos2dx_spine_auto.hpp */,
				1A540F7918B785110016A3AF /* jsb_cocos2dx_spine_auto_api.js */,
				1A540F7A18B785110016A3AF /* jsb_cocos2dx_studio_auto.cpp */,
				1A540F7B18B785110016A3AF /* jsb_cocos2dx_studio_auto.hpp */,
				1A540F7C18B785110016A3AF /* jsb_cocos2dx_studio_auto_api.js */,
			);
			name = auto;
			path = ../bindings/auto;
			sourceTree = "<group>";
		};
		1A540F7D18B785110016A3AF /* manual */ = {
			isa = PBXGroup;
			children = (
				1A540F7F18B785110016A3AF /* chipmunk */,
				1A540F8F18B785110016A3AF /* cocos2d_specifics.cpp */,
				1A540F9018B785110016A3AF /* cocos2d_specifics.hpp */,
				1A540F9118B785110016A3AF /* cocosbuilder */,
				1A540F9918B785110016A3AF /* cocostudio */,
				1A540FA018B785110016A3AF /* extension */,
				1A540FA718B785110016A3AF /* gui */,
				1A540FAE18B785110016A3AF /* js_bindings_config.h */,
				1A540FAF18B785110016A3AF /* js_bindings_core.cpp */,
				1A540FB018B785110016A3AF /* js_bindings_core.h */,
				1A540FB118B785110016A3AF /* js_bindings_opengl.cpp */,
				1A540FB218B785110016A3AF /* js_bindings_opengl.h */,
				1A540FB318B785110016A3AF /* js_manual_conversions.cpp */,
				1A540FB418B785110016A3AF /* js_manual_conversions.h */,
				1A540FB518B785110016A3AF /* jsb_helper.h */,
				1A540FB618B785110016A3AF /* jsb_opengl_functions.cpp */,
				1A540FB718B785110016A3AF /* jsb_opengl_functions.h */,
				1A540FB818B785110016A3AF /* jsb_opengl_manual.cpp */,
				1A540FB918B785110016A3AF /* jsb_opengl_manual.h */,
				1A540FBA18B785110016A3AF /* jsb_opengl_registration.cpp */,
				1A540FBB18B785110016A3AF /* jsb_opengl_registration.h */,
				1A540FBC18B785110016A3AF /* localstorage */,
				1A540FC618B785110016A3AF /* network */,
				1A540FD318B785110016A3AF /* ScriptingCore.cpp */,
				1A540FD418B785110016A3AF /* ScriptingCore.h */,
				1A540FD518B785110016A3AF /* spidermonkey_specifics.h */,
				1A540FD618B785110016A3AF /* spine */,
			);
			name = manual;
			path = ../bindings/manual;
			sourceTree = "<group>";
		};
		1A540F7F18B785110016A3AF /* chipmunk */ = {
			isa = PBXGroup;
			children = (
				1A540F8118B785110016A3AF /* js_bindings_chipmunk_auto_classes.cpp */,
				1A540F8218B785110016A3AF /* js_bindings_chipmunk_auto_classes.h */,
				1A540F8318B785110016A3AF /* js_bindings_chipmunk_auto_classes_registration.h */,
				1A540F8418B785110016A3AF /* js_bindings_chipmunk_functions.cpp */,
				1A540F8518B785110016A3AF /* js_bindings_chipmunk_functions.h */,
				1A540F8618B785110016A3AF /* js_bindings_chipmunk_functions_registration.h */,
				1A540F8718B785110016A3AF /* js_bindings_chipmunk_manual.cpp */,
				1A540F8818B785110016A3AF /* js_bindings_chipmunk_manual.h */,
				1A540F8918B785110016A3AF /* js_bindings_chipmunk_registration.cpp */,
				1A540F8A18B785110016A3AF /* js_bindings_chipmunk_registration.h */,
			);
			path = chipmunk;
			sourceTree = "<group>";
		};
		1A540F9118B785110016A3AF /* cocosbuilder */ = {
			isa = PBXGroup;
			children = (
				1A540F9318B785110016A3AF /* cocosbuilder_specifics.hpp */,
				1A540F9418B785110016A3AF /* js_bindings_ccbreader.cpp */,
				1A540F9518B785110016A3AF /* js_bindings_ccbreader.h */,
			);
			path = cocosbuilder;
			sourceTree = "<group>";
		};
		1A540F9918B785110016A3AF /* cocostudio */ = {
			isa = PBXGroup;
			children = (
				1A540F9B18B785110016A3AF /* jsb_cocos2dx_studio_manual.cpp */,
				1A540F9C18B785110016A3AF /* jsb_cocos2dx_studio_manual.h */,
			);
			path = cocostudio;
			sourceTree = "<group>";
		};
		1A540FA018B785110016A3AF /* extension */ = {
			isa = PBXGroup;
			children = (
				1A540FA218B785110016A3AF /* jsb_cocos2dx_extension_manual.cpp */,
				1A540FA318B785110016A3AF /* jsb_cocos2dx_extension_manual.h */,
			);
			path = extension;
			sourceTree = "<group>";
		};
		1A540FA718B785110016A3AF /* gui */ = {
			isa = PBXGroup;
			children = (
				1A540FA818B785110016A3AF /* Android.mk */,
				1A540FA918B785110016A3AF /* jsb_cocos2dx_gui_manual.cpp */,
				1A540FAA18B785110016A3AF /* jsb_cocos2dx_gui_manual.h */,
				1A540FAB18B785110016A3AF /* libJSBindingForGui.vcxproj */,
				1A540FAC18B785110016A3AF /* libJSBindingForGui.vcxproj.filters */,
				1A540FAD18B785110016A3AF /* libJSBindingForGui.vcxproj.user */,
			);
			path = gui;
			sourceTree = "<group>";
		};
		1A540FBC18B785110016A3AF /* localstorage */ = {
			isa = PBXGroup;
			children = (
				1A540FBE18B785110016A3AF /* js_bindings_system_functions.cpp */,
				1A540FBF18B785110016A3AF /* js_bindings_system_functions.h */,
				1A540FC018B785110016A3AF /* js_bindings_system_functions_registration.h */,
				1A540FC118B785110016A3AF /* js_bindings_system_registration.cpp */,
				1A540FC218B785110016A3AF /* js_bindings_system_registration.h */,
			);
			path = localstorage;
			sourceTree = "<group>";
		};
		1A540FC618B785110016A3AF /* network */ = {
			isa = PBXGroup;
			children = (
				1A540FC818B785110016A3AF /* jsb_websocket.cpp */,
				1A540FC918B785110016A3AF /* jsb_websocket.h */,
				1A540FCD18B785110016A3AF /* XMLHTTPRequest.cpp */,
				1A540FCE18B785110016A3AF /* XMLHTTPRequest.h */,
			);
			path = network;
			sourceTree = "<group>";
		};
		1A540FD618B785110016A3AF /* spine */ = {
			isa = PBXGroup;
			children = (
				1A540FD818B785110016A3AF /* jsb_cocos2dx_spine_manual.cpp */,
				1A540FD918B785110016A3AF /* jsb_cocos2dx_spine_manual.h */,
			);
			path = spine;
			sourceTree = "<group>";
		};
		1A540FDD18B785110016A3AF /* script */ = {
			isa = PBXGroup;
			children = (
				1A540FDE18B785110016A3AF /* debugger */,
				1A540FE818B785110016A3AF /* jsb.js */,
				1A540FE918B785110016A3AF /* jsb_chipmunk.js */,
				1A540FEA18B785110016A3AF /* jsb_chipmunk_constants.js */,
				1A540FEB18B785110016A3AF /* jsb_cocos2d.js */,
				1A540FEC18B785110016A3AF /* jsb_cocos2d_constants.js */,
				1A540FED18B785110016A3AF /* jsb_cocos2d_extension.js */,
				1A540FEE18B785110016A3AF /* jsb_cocos2d_gui.js */,
				1A540FEF18B785110016A3AF /* jsb_cocos2d_studio.js */,
				1A540FF018B785110016A3AF /* jsb_cocosbuilder.js */,
				1A540FF118B785110016A3AF /* jsb_debugger.js */,
				1A540FF218B785110016A3AF /* jsb_deprecated.js */,
				1A540FF318B785110016A3AF /* jsb_opengl.js */,
				1A540FF418B785110016A3AF /* jsb_opengl_constants.js */,
				1A540FF518B785110016A3AF /* jsb_sys.js */,
			);
			name = script;
			path = ../bindings/script;
			sourceTree = "<group>";
		};
		1A540FDE18B785110016A3AF /* debugger */ = {
			isa = PBXGroup;
			children = (
				1A540FDF18B785110016A3AF /* actors */,
				1A540FE218B785110016A3AF /* core */,
				1A540FE418B785110016A3AF /* DevToolsUtils.js */,
				1A540FE518B785110016A3AF /* main.js */,
				1A540FE618B785110016A3AF /* README.md */,
				1A540FE718B785110016A3AF /* transport.js */,
			);
			path = debugger;
			sourceTree = "<group>";
		};
		1A540FDF18B785110016A3AF /* actors */ = {
			isa = PBXGroup;
			children = (
				1A540FE018B785110016A3AF /* root.js */,
				1A540FE118B785110016A3AF /* script.js */,
			);
			path = actors;
			sourceTree = "<group>";
		};
		1A540FE218B785110016A3AF /* core */ = {
			isa = PBXGroup;
			children = (
				1A540FE318B785110016A3AF /* promise.js */,
			);
			path = core;
			sourceTree = "<group>";
		};
/* End PBXGroup section */

/* Begin PBXHeadersBuildPhase section */
		A03F31F11781479B006731B9 /* Headers */ = {
			isa = PBXHeadersBuildPhase;
			buildActionMask = 2147483647;
			files = (
				1A54101618B785110016A3AF /* jsb_cocos2dx_studio_auto.hpp in Headers */,
				1A54107418B785110016A3AF /* ScriptingCore.h in Headers */,
				1A54103018B785110016A3AF /* cocos2d_specifics.hpp in Headers */,
				1A54106818B785110016A3AF /* js_bindings_system_registration.h in Headers */,
				1A54103218B785110016A3AF /* cocosbuilder_specifics.hpp in Headers */,
				1A54104418B785110016A3AF /* js_bindings_config.h in Headers */,
				1A54102818B785110016A3AF /* js_bindings_chipmunk_manual.h in Headers */,
				1A54106C18B785110016A3AF /* jsb_websocket.h in Headers */,
				1A54100418B785110016A3AF /* jsb_cocos2dx_extension_auto.hpp in Headers */,
				1A540FFE18B785110016A3AF /* jsb_cocos2dx_builder_auto.hpp in Headers */,
				1A54101C18B785110016A3AF /* js_bindings_chipmunk_auto_classes.h in Headers */,
				1A54104218B785110016A3AF /* jsb_cocos2dx_gui_manual.h in Headers */,
				1A54101018B785110016A3AF /* jsb_cocos2dx_spine_auto.hpp in Headers */,
				1A54105E18B785110016A3AF /* jsb_opengl_registration.h in Headers */,
				1A54107618B785110016A3AF /* spidermonkey_specifics.h in Headers */,
				1A54105A18B785110016A3AF /* jsb_opengl_manual.h in Headers */,
				1A54104818B785110016A3AF /* js_bindings_core.h in Headers */,
				1A54103618B785110016A3AF /* js_bindings_ccbreader.h in Headers */,
				1A54105218B785110016A3AF /* jsb_helper.h in Headers */,
				1A54103E18B785110016A3AF /* jsb_cocos2dx_extension_manual.h in Headers */,
				1A54106218B785110016A3AF /* js_bindings_system_functions.h in Headers */,
				1A54105018B785110016A3AF /* js_manual_conversions.h in Headers */,
				1A54107018B785110016A3AF /* XMLHTTPRequest.h in Headers */,
				1A54105618B785110016A3AF /* jsb_opengl_functions.h in Headers */,
				1A54104C18B785110016A3AF /* js_bindings_opengl.h in Headers */,
				1A54103A18B785110016A3AF /* jsb_cocos2dx_studio_manual.h in Headers */,
				1A54101E18B785110016A3AF /* js_bindings_chipmunk_auto_classes_registration.h in Headers */,
				1A54102C18B785110016A3AF /* js_bindings_chipmunk_registration.h in Headers */,
				1A54102218B785110016A3AF /* js_bindings_chipmunk_functions.h in Headers */,
				1A54102418B785110016A3AF /* js_bindings_chipmunk_functions_registration.h in Headers */,
				1A54106418B785110016A3AF /* js_bindings_system_functions_registration.h in Headers */,
				1A54100A18B785110016A3AF /* jsb_cocos2dx_gui_auto.hpp in Headers */,
				1A540FF818B785110016A3AF /* jsb_cocos2dx_auto.hpp in Headers */,
				1A54107A18B785110016A3AF /* jsb_cocos2dx_spine_manual.h in Headers */,
			);
			runOnlyForDeploymentPostprocessing = 0;
		};
		A07A4FCE178387750073F6A7 /* Headers */ = {
			isa = PBXHeadersBuildPhase;
			buildActionMask = 2147483647;
			files = (
				1A54101718B785110016A3AF /* jsb_cocos2dx_studio_auto.hpp in Headers */,
				1A54107518B785110016A3AF /* ScriptingCore.h in Headers */,
				1A54103118B785110016A3AF /* cocos2d_specifics.hpp in Headers */,
				1A54106918B785110016A3AF /* js_bindings_system_registration.h in Headers */,
				1A54103318B785110016A3AF /* cocosbuilder_specifics.hpp in Headers */,
				1A54104518B785110016A3AF /* js_bindings_config.h in Headers */,
				1A54102918B785110016A3AF /* js_bindings_chipmunk_manual.h in Headers */,
				1A54106D18B785110016A3AF /* jsb_websocket.h in Headers */,
				1A54100518B785110016A3AF /* jsb_cocos2dx_extension_auto.hpp in Headers */,
				1A540FFF18B785110016A3AF /* jsb_cocos2dx_builder_auto.hpp in Headers */,
				1A54101D18B785110016A3AF /* js_bindings_chipmunk_auto_classes.h in Headers */,
				1A54104318B785110016A3AF /* jsb_cocos2dx_gui_manual.h in Headers */,
				1A54101118B785110016A3AF /* jsb_cocos2dx_spine_auto.hpp in Headers */,
				1A54105F18B785110016A3AF /* jsb_opengl_registration.h in Headers */,
				1A54107718B785110016A3AF /* spidermonkey_specifics.h in Headers */,
				1A54105B18B785110016A3AF /* jsb_opengl_manual.h in Headers */,
				1A54104918B785110016A3AF /* js_bindings_core.h in Headers */,
				1A54103718B785110016A3AF /* js_bindings_ccbreader.h in Headers */,
				1A54105318B785110016A3AF /* jsb_helper.h in Headers */,
				1A54103F18B785110016A3AF /* jsb_cocos2dx_extension_manual.h in Headers */,
				1A54106318B785110016A3AF /* js_bindings_system_functions.h in Headers */,
				1A54105118B785110016A3AF /* js_manual_conversions.h in Headers */,
				1A54107118B785110016A3AF /* XMLHTTPRequest.h in Headers */,
				1A54105718B785110016A3AF /* jsb_opengl_functions.h in Headers */,
				1A54104D18B785110016A3AF /* js_bindings_opengl.h in Headers */,
				1A54103B18B785110016A3AF /* jsb_cocos2dx_studio_manual.h in Headers */,
				1A54101F18B785110016A3AF /* js_bindings_chipmunk_auto_classes_registration.h in Headers */,
				1A54102D18B785110016A3AF /* js_bindings_chipmunk_registration.h in Headers */,
				1A54102318B785110016A3AF /* js_bindings_chipmunk_functions.h in Headers */,
				1A54102518B785110016A3AF /* js_bindings_chipmunk_functions_registration.h in Headers */,
				1A54106518B785110016A3AF /* js_bindings_system_functions_registration.h in Headers */,
				1A54100B18B785110016A3AF /* jsb_cocos2dx_gui_auto.hpp in Headers */,
				1A540FF918B785110016A3AF /* jsb_cocos2dx_auto.hpp in Headers */,
				1A54107B18B785110016A3AF /* jsb_cocos2dx_spine_manual.h in Headers */,
			);
			runOnlyForDeploymentPostprocessing = 0;
		};
/* End PBXHeadersBuildPhase section */

/* Begin PBXNativeTarget section */
		A03F31E81781479B006731B9 /* jsbindings Mac */ = {
			isa = PBXNativeTarget;
			buildConfigurationList = A03F31FA1781479B006731B9 /* Build configuration list for PBXNativeTarget "jsbindings Mac" */;
			buildPhases = (
				A03F31E91781479B006731B9 /* Sources */,
				A03F31F01781479B006731B9 /* Frameworks */,
				A03F31F11781479B006731B9 /* Headers */,
			);
			buildRules = (
			);
			dependencies = (
			);
			name = "jsbindings Mac";
			productName = cocos2dx;
			productReference = 1A5410A418B785A10016A3AF /* libjsbindings Mac.a */;
			productType = "com.apple.product-type.library.static";
		};
		A07A4FB5178387750073F6A7 /* jsbindings iOS */ = {
			isa = PBXNativeTarget;
			buildConfigurationList = A07A502D178387750073F6A7 /* Build configuration list for PBXNativeTarget "jsbindings iOS" */;
			buildPhases = (
				A07A4FB6178387750073F6A7 /* Sources */,
				A07A4FCC178387750073F6A7 /* Frameworks */,
				A07A4FCE178387750073F6A7 /* Headers */,
			);
			buildRules = (
			);
			dependencies = (
			);
			name = "jsbindings iOS";
			productName = cocos2dx;
			productReference = 1A5410A518B785A10016A3AF /* libjsbindings iOS.a */;
			productType = "com.apple.product-type.library.static";
		};
/* End PBXNativeTarget section */

/* Begin PBXProject section */
		1551A336158F2AB200E66CFE /* Project object */ = {
			isa = PBXProject;
			attributes = {
				LastUpgradeCheck = 0500;
				ORGANIZATIONNAME = "";
			};
			buildConfigurationList = 1551A339158F2AB200E66CFE /* Build configuration list for PBXProject "cocos2d_jsb_lib" */;
			compatibilityVersion = "Xcode 3.2";
			developmentRegion = English;
			hasScannedForEncodings = 0;
			knownRegions = (
				en,
			);
			mainGroup = 1551A334158F2AB200E66CFE;
			productRefGroup = 1551A334158F2AB200E66CFE;
			projectDirPath = "";
			projectRoot = "";
			targets = (
				A03F31E81781479B006731B9 /* jsbindings Mac */,
				A07A4FB5178387750073F6A7 /* jsbindings iOS */,
			);
		};
/* End PBXProject section */

/* Begin PBXSourcesBuildPhase section */
		A03F31E91781479B006731B9 /* Sources */ = {
			isa = PBXSourcesBuildPhase;
			buildActionMask = 2147483647;
			files = (
				1A54108818B785110016A3AF /* jsb.js in Sources */,
				1A54107E18B785110016A3AF /* script.js in Sources */,
				1A540FFC18B785110016A3AF /* jsb_cocos2dx_builder_auto.cpp in Sources */,
				1A54102018B785110016A3AF /* js_bindings_chipmunk_functions.cpp in Sources */,
				1A54106018B785110016A3AF /* js_bindings_system_functions.cpp in Sources */,
				1A54109E18B785110016A3AF /* jsb_opengl.js in Sources */,
				1A54100618B785110016A3AF /* jsb_cocos2dx_extension_auto_api.js in Sources */,
				1A54109018B785110016A3AF /* jsb_cocos2d_constants.js in Sources */,
				1A54104018B785110016A3AF /* jsb_cocos2dx_gui_manual.cpp in Sources */,
				1A5410A218B785110016A3AF /* jsb_sys.js in Sources */,
				1A54108218B785110016A3AF /* DevToolsUtils.js in Sources */,
				1A54102618B785110016A3AF /* js_bindings_chipmunk_manual.cpp in Sources */,
				1A54105C18B785110016A3AF /* jsb_opengl_registration.cpp in Sources */,
				1A54106A18B785110016A3AF /* jsb_websocket.cpp in Sources */,
				1A5410A018B785110016A3AF /* jsb_opengl_constants.js in Sources */,
				1A54107C18B785110016A3AF /* root.js in Sources */,
				1A54104618B785110016A3AF /* js_bindings_core.cpp in Sources */,
				1A54103418B785110016A3AF /* js_bindings_ccbreader.cpp in Sources */,
				1A54106E18B785110016A3AF /* XMLHTTPRequest.cpp in Sources */,
				1A54109418B785110016A3AF /* jsb_cocos2d_gui.js in Sources */,
				1A54103818B785110016A3AF /* jsb_cocos2dx_studio_manual.cpp in Sources */,
				1A54100218B785110016A3AF /* jsb_cocos2dx_extension_auto.cpp in Sources */,
				1A54108618B785110016A3AF /* transport.js in Sources */,
				1A54109218B785110016A3AF /* jsb_cocos2d_extension.js in Sources */,
				1A54104A18B785110016A3AF /* js_bindings_opengl.cpp in Sources */,
				1A54100E18B785110016A3AF /* jsb_cocos2dx_spine_auto.cpp in Sources */,
				1A54106618B785110016A3AF /* js_bindings_system_registration.cpp in Sources */,
				1A54108C18B785110016A3AF /* jsb_chipmunk_constants.js in Sources */,
				1A54108418B785110016A3AF /* main.js in Sources */,
				1A54109818B785110016A3AF /* jsb_cocosbuilder.js in Sources */,
				1A54102E18B785110016A3AF /* cocos2d_specifics.cpp in Sources */,
				1A54105818B785110016A3AF /* jsb_opengl_manual.cpp in Sources */,
				1A54108018B785110016A3AF /* promise.js in Sources */,
				1A54100818B785110016A3AF /* jsb_cocos2dx_gui_auto.cpp in Sources */,
				1A54109C18B785110016A3AF /* jsb_deprecated.js in Sources */,
				1A54107818B785110016A3AF /* jsb_cocos2dx_spine_manual.cpp in Sources */,
				1A54101818B785110016A3AF /* jsb_cocos2dx_studio_auto_api.js in Sources */,
				1A54102A18B785110016A3AF /* js_bindings_chipmunk_registration.cpp in Sources */,
				1A540FF618B785110016A3AF /* jsb_cocos2dx_auto.cpp in Sources */,
				1A54100018B785110016A3AF /* jsb_cocos2dx_builder_auto_api.js in Sources */,
				1A54103C18B785110016A3AF /* jsb_cocos2dx_extension_manual.cpp in Sources */,
				1A54108E18B785110016A3AF /* jsb_cocos2d.js in Sources */,
				1A54101218B785110016A3AF /* jsb_cocos2dx_spine_auto_api.js in Sources */,
				1A54101418B785110016A3AF /* jsb_cocos2dx_studio_auto.cpp in Sources */,
				1A54104E18B785110016A3AF /* js_manual_conversions.cpp in Sources */,
				1A54108A18B785110016A3AF /* jsb_chipmunk.js in Sources */,
				1A54109618B785110016A3AF /* jsb_cocos2d_studio.js in Sources */,
				1A54105418B785110016A3AF /* jsb_opengl_functions.cpp in Sources */,
				1A54101A18B785110016A3AF /* js_bindings_chipmunk_auto_classes.cpp in Sources */,
				1A540FFA18B785110016A3AF /* jsb_cocos2dx_auto_api.js in Sources */,
				1A54107218B785110016A3AF /* ScriptingCore.cpp in Sources */,
				1A54100C18B785110016A3AF /* jsb_cocos2dx_gui_auto_api.js in Sources */,
				1A54109A18B785110016A3AF /* jsb_debugger.js in Sources */,
			);
			runOnlyForDeploymentPostprocessing = 0;
		};
		A07A4FB6178387750073F6A7 /* Sources */ = {
			isa = PBXSourcesBuildPhase;
			buildActionMask = 2147483647;
			files = (
				1A54108918B785110016A3AF /* jsb.js in Sources */,
				1A54107F18B785110016A3AF /* script.js in Sources */,
				1A540FFD18B785110016A3AF /* jsb_cocos2dx_builder_auto.cpp in Sources */,
				1A54102118B785110016A3AF /* js_bindings_chipmunk_functions.cpp in Sources */,
				1A54106118B785110016A3AF /* js_bindings_system_functions.cpp in Sources */,
				1A54109F18B785110016A3AF /* jsb_opengl.js in Sources */,
				1A54100718B785110016A3AF /* jsb_cocos2dx_extension_auto_api.js in Sources */,
				1A54109118B785110016A3AF /* jsb_cocos2d_constants.js in Sources */,
				1A54104118B785110016A3AF /* jsb_cocos2dx_gui_manual.cpp in Sources */,
				1A5410A318B785110016A3AF /* jsb_sys.js in Sources */,
				1A54108318B785110016A3AF /* DevToolsUtils.js in Sources */,
				1A54102718B785110016A3AF /* js_bindings_chipmunk_manual.cpp in Sources */,
				1A54105D18B785110016A3AF /* jsb_opengl_registration.cpp in Sources */,
				1A54106B18B785110016A3AF /* jsb_websocket.cpp in Sources */,
				1A5410A118B785110016A3AF /* jsb_opengl_constants.js in Sources */,
				1A54107D18B785110016A3AF /* root.js in Sources */,
				1A54104718B785110016A3AF /* js_bindings_core.cpp in Sources */,
				1A54103518B785110016A3AF /* js_bindings_ccbreader.cpp in Sources */,
				1A54106F18B785110016A3AF /* XMLHTTPRequest.cpp in Sources */,
				1A54109518B785110016A3AF /* jsb_cocos2d_gui.js in Sources */,
				1A54103918B785110016A3AF /* jsb_cocos2dx_studio_manual.cpp in Sources */,
				1A54100318B785110016A3AF /* jsb_cocos2dx_extension_auto.cpp in Sources */,
				1A54108718B785110016A3AF /* transport.js in Sources */,
				1A54109318B785110016A3AF /* jsb_cocos2d_extension.js in Sources */,
				1A54104B18B785110016A3AF /* js_bindings_opengl.cpp in Sources */,
				1A54100F18B785110016A3AF /* jsb_cocos2dx_spine_auto.cpp in Sources */,
				1A54106718B785110016A3AF /* js_bindings_system_registration.cpp in Sources */,
				1A54108D18B785110016A3AF /* jsb_chipmunk_constants.js in Sources */,
				1A54108518B785110016A3AF /* main.js in Sources */,
				1A54109918B785110016A3AF /* jsb_cocosbuilder.js in Sources */,
				1A54102F18B785110016A3AF /* cocos2d_specifics.cpp in Sources */,
				1A54105918B785110016A3AF /* jsb_opengl_manual.cpp in Sources */,
				1A54108118B785110016A3AF /* promise.js in Sources */,
				1A54100918B785110016A3AF /* jsb_cocos2dx_gui_auto.cpp in Sources */,
				1A54109D18B785110016A3AF /* jsb_deprecated.js in Sources */,
				1A54107918B785110016A3AF /* jsb_cocos2dx_spine_manual.cpp in Sources */,
				1A54101918B785110016A3AF /* jsb_cocos2dx_studio_auto_api.js in Sources */,
				1A54102B18B785110016A3AF /* js_bindings_chipmunk_registration.cpp in Sources */,
				1A540FF718B785110016A3AF /* jsb_cocos2dx_auto.cpp in Sources */,
				1A54100118B785110016A3AF /* jsb_cocos2dx_builder_auto_api.js in Sources */,
				1A54103D18B785110016A3AF /* jsb_cocos2dx_extension_manual.cpp in Sources */,
				1A54108F18B785110016A3AF /* jsb_cocos2d.js in Sources */,
				1A54101318B785110016A3AF /* jsb_cocos2dx_spine_auto_api.js in Sources */,
				1A54101518B785110016A3AF /* jsb_cocos2dx_studio_auto.cpp in Sources */,
				1A54104F18B785110016A3AF /* js_manual_conversions.cpp in Sources */,
				1A54108B18B785110016A3AF /* jsb_chipmunk.js in Sources */,
				1A54109718B785110016A3AF /* jsb_cocos2d_studio.js in Sources */,
				1A54105518B785110016A3AF /* jsb_opengl_functions.cpp in Sources */,
				1A54101B18B785110016A3AF /* js_bindings_chipmunk_auto_classes.cpp in Sources */,
				1A540FFB18B785110016A3AF /* jsb_cocos2dx_auto_api.js in Sources */,
				1A54107318B785110016A3AF /* ScriptingCore.cpp in Sources */,
				1A54100D18B785110016A3AF /* jsb_cocos2dx_gui_auto_api.js in Sources */,
				1A54109B18B785110016A3AF /* jsb_debugger.js in Sources */,
			);
			runOnlyForDeploymentPostprocessing = 0;
		};
/* End PBXSourcesBuildPhase section */

/* Begin XCBuildConfiguration section */
		1551A34A158F2AB200E66CFE /* Debug */ = {
			isa = XCBuildConfiguration;
			buildSettings = {
				ALWAYS_SEARCH_USER_PATHS = YES;
				ARCHS = "$(ARCHS_STANDARD_64_BIT)";
				CLANG_CXX_LANGUAGE_STANDARD = "c++0x";
				CLANG_CXX_LIBRARY = "libc++";
				CLANG_WARN_BOOL_CONVERSION = YES;
				CLANG_WARN_CONSTANT_CONVERSION = YES;
				COPY_PHASE_STRIP = NO;
				GCC_C_LANGUAGE_STANDARD = c99;
				GCC_DYNAMIC_NO_PIC = NO;
				GCC_OPTIMIZATION_LEVEL = 0;
				GCC_PREPROCESSOR_DEFINITIONS = (
					"COCOS2D_DEBUG=1",
					USE_FILE32API,
					"CC_ENABLE_CHIPMUNK_INTEGRATION=1",
				);
				GCC_SYMBOLS_PRIVATE_EXTERN = NO;
				GCC_TREAT_IMPLICIT_FUNCTION_DECLARATIONS_AS_ERRORS = YES;
				GCC_TREAT_INCOMPATIBLE_POINTER_TYPE_WARNINGS_AS_ERRORS = YES;
				GCC_WARN_64_TO_32_BIT_CONVERSION = YES;
				GCC_WARN_ABOUT_RETURN_TYPE = YES;
				GCC_WARN_HIDDEN_VIRTUAL_FUNCTIONS = YES;
				GCC_WARN_NON_VIRTUAL_DESTRUCTOR = YES;
				GCC_WARN_SHADOW = YES;
				GCC_WARN_UNINITIALIZED_AUTOS = YES;
				GCC_WARN_UNUSED_VARIABLE = YES;
				HEADER_SEARCH_PATHS = "";
				MACOSX_DEPLOYMENT_TARGET = 10.7;
				ONLY_ACTIVE_ARCH = YES;
				PRODUCT_NAME = "$(TARGET_NAME)";
				SDKROOT = macosx;
				SKIP_INSTALL = YES;
				USER_HEADER_SEARCH_PATHS = "$(SRCROOT)/../cocos2d-x $(SRCROOT)/../cocos2d-x/cocos $(SRCROOT)/../cocos2d-x/cocos/base $(SRCROOT)/../cocos2d-x/cocos/2d $(SRCROOT)/../cocos2d-x/cocos/physics $(SRCROOT)/../cocos2d-x/cocos/math/kazmath/include $(SRCROOT)/../cocos2d-x/cocos/2d/platform $(SRCROOT)/../cocos2d-x/cocos/audio/include $(SRCROOT)/../cocos2d-x/cocos/editor-support $(SRCROOT)/../cocos2d-x/cocos/editor-support/cocosbuilder $(SRCROOT)/../cocos2d-x/cocos/editor-support/cocostudio $(SRCROOT)/../cocos2d-x/cocos/editor-support/spine $(SRCROOT)/../cocos2d-x/cocos/gui $(SRCROOT)/../cocos2d-x/cocos/storage $(SRCROOT)/../cocos2d-x/extensions $(SRCROOT)/../cocos2d-x/external/chipmunk/include/chipmunk $(SRCROOT)/../cocos2d-x/external $(SRCROOT)/../bindings/auto $(SRCROOT)/../bindings/manual";
			};
			name = Debug;
		};
		1551A34B158F2AB200E66CFE /* Release */ = {
			isa = XCBuildConfiguration;
			buildSettings = {
				ALWAYS_SEARCH_USER_PATHS = YES;
				ARCHS = "$(ARCHS_STANDARD_64_BIT)";
				CLANG_CXX_LANGUAGE_STANDARD = "c++0x";
				CLANG_CXX_LIBRARY = "libc++";
				CLANG_WARN_BOOL_CONVERSION = YES;
				CLANG_WARN_CONSTANT_CONVERSION = YES;
				GCC_C_LANGUAGE_STANDARD = c99;
				GCC_PREPROCESSOR_DEFINITIONS = (
					"CC_ENABLE_CHIPMUNK_INTEGRATION=1",
					NDEBUG,
					USE_FILE32API,
				);
				GCC_TREAT_IMPLICIT_FUNCTION_DECLARATIONS_AS_ERRORS = YES;
				GCC_TREAT_INCOMPATIBLE_POINTER_TYPE_WARNINGS_AS_ERRORS = YES;
				GCC_WARN_64_TO_32_BIT_CONVERSION = YES;
				GCC_WARN_ABOUT_RETURN_TYPE = YES;
				GCC_WARN_HIDDEN_VIRTUAL_FUNCTIONS = YES;
				GCC_WARN_NON_VIRTUAL_DESTRUCTOR = YES;
				GCC_WARN_SHADOW = YES;
				GCC_WARN_UNINITIALIZED_AUTOS = YES;
				GCC_WARN_UNUSED_VARIABLE = YES;
				HEADER_SEARCH_PATHS = "";
				MACOSX_DEPLOYMENT_TARGET = 10.7;
				PRODUCT_NAME = "$(TARGET_NAME)";
				SDKROOT = macosx;
				SKIP_INSTALL = YES;
				USER_HEADER_SEARCH_PATHS = "$(SRCROOT)/../cocos2d-x $(SRCROOT)/../cocos2d-x/cocos $(SRCROOT)/../cocos2d-x/cocos/base $(SRCROOT)/../cocos2d-x/cocos/2d $(SRCROOT)/../cocos2d-x/cocos/physics $(SRCROOT)/../cocos2d-x/cocos/math/kazmath/include $(SRCROOT)/../cocos2d-x/cocos/2d/platform $(SRCROOT)/../cocos2d-x/cocos/audio/include $(SRCROOT)/../cocos2d-x/cocos/editor-support $(SRCROOT)/../cocos2d-x/cocos/editor-support/cocosbuilder $(SRCROOT)/../cocos2d-x/cocos/editor-support/cocostudio $(SRCROOT)/../cocos2d-x/cocos/editor-support/spine $(SRCROOT)/../cocos2d-x/cocos/gui $(SRCROOT)/../cocos2d-x/cocos/storage $(SRCROOT)/../cocos2d-x/extensions $(SRCROOT)/../cocos2d-x/external/chipmunk/include/chipmunk $(SRCROOT)/../cocos2d-x/external $(SRCROOT)/../bindings/auto $(SRCROOT)/../bindings/manual";
				VALIDATE_PRODUCT = YES;
			};
			name = Release;
		};
		A03F31FB1781479B006731B9 /* Debug */ = {
			isa = XCBuildConfiguration;
			buildSettings = {
				ALWAYS_SEARCH_USER_PATHS = YES;
				GCC_PREPROCESSOR_DEFINITIONS = (
					"$(inherited)",
					COCOS2D_JAVASCRIPT,
					CC_TARGET_OS_MAC,
					CC_KEYBOARD_SUPPORT,
				);
				HEADER_SEARCH_PATHS = "";
				LIBRARY_SEARCH_PATHS = (
					"$(inherited)",
					"/Users/james/Project/cocos2d-js/JSB/spidermonkey/prebuilt/mac",
				);
				USER_HEADER_SEARCH_PATHS = "$(inherited) $(SRCROOT)/../spidermonkey/include/mac $(SRCROOT)/../cocos2d-x/cocos/2d/platform/mac $(SRCROOT)/../cocos2d-x/external/glfw3/include/mac";
			};
			name = Debug;
		};
		A03F31FC1781479B006731B9 /* Release */ = {
			isa = XCBuildConfiguration;
			buildSettings = {
				ALWAYS_SEARCH_USER_PATHS = YES;
				GCC_PREPROCESSOR_DEFINITIONS = (
					"$(inherited)",
					COCOS2D_JAVASCRIPT,
					CC_TARGET_OS_MAC,
					CC_KEYBOARD_SUPPORT,
				);
				HEADER_SEARCH_PATHS = "";
				LIBRARY_SEARCH_PATHS = (
					"$(inherited)",
					"/Users/james/Project/cocos2d-js/JSB/spidermonkey/prebuilt/mac",
				);
				USER_HEADER_SEARCH_PATHS = "$(inherited) $(SRCROOT)/../spidermonkey/include/mac $(SRCROOT)/../cocos2d-x/cocos/2d/platform/mac $(SRCROOT)/../cocos2d-x/external/glfw3/include/mac";
			};
			name = Release;
		};
		A07A502E178387750073F6A7 /* Debug */ = {
			isa = XCBuildConfiguration;
			buildSettings = {
				ALWAYS_SEARCH_USER_PATHS = YES;
				ARCHS = "$(ARCHS_STANDARD)";
				GCC_PREPROCESSOR_DEFINITIONS = (
					"$(inherited)",
					COCOS2D_JAVASCRIPT,
					CC_TARGET_OS_IPHONE,
				);
				HEADER_SEARCH_PATHS = "";
				IPHONEOS_DEPLOYMENT_TARGET = 5.1;
				LIBRARY_SEARCH_PATHS = (
					"$(inherited)",
					"/Users/james/Project/cocos2d-js/JSB/spidermonkey/prebuilt/ios",
				);
				SDKROOT = iphoneos;
				TARGETED_DEVICE_FAMILY = "1,2";
				USER_HEADER_SEARCH_PATHS = "$(inherited) $(SRCROOT)/../spidermonkey/include/ios $(SRCROOT)/../cocos2d-x/cocos/2d/platform/ios";
			};
			name = Debug;
		};
		A07A502F178387750073F6A7 /* Release */ = {
			isa = XCBuildConfiguration;
			buildSettings = {
				ALWAYS_SEARCH_USER_PATHS = YES;
				ARCHS = "$(ARCHS_STANDARD)";
				GCC_PREPROCESSOR_DEFINITIONS = (
					"$(inherited)",
					COCOS2D_JAVASCRIPT,
					CC_TARGET_OS_IPHONE,
				);
				HEADER_SEARCH_PATHS = "";
				IPHONEOS_DEPLOYMENT_TARGET = 5.1;
				LIBRARY_SEARCH_PATHS = (
					"$(inherited)",
					"/Users/james/Project/cocos2d-js/JSB/spidermonkey/prebuilt/ios",
				);
				SDKROOT = iphoneos;
				TARGETED_DEVICE_FAMILY = "1,2";
				USER_HEADER_SEARCH_PATHS = "$(inherited) $(SRCROOT)/../spidermonkey/include/ios $(SRCROOT)/../cocos2d-x/cocos/2d/platform/ios";
			};
			name = Release;
		};
/* End XCBuildConfiguration section */

/* Begin XCConfigurationList section */
		1551A339158F2AB200E66CFE /* Build configuration list for PBXProject "cocos2d_jsb_lib" */ = {
			isa = XCConfigurationList;
			buildConfigurations = (
				1551A34A158F2AB200E66CFE /* Debug */,
				1551A34B158F2AB200E66CFE /* Release */,
			);
			defaultConfigurationIsVisible = 0;
			defaultConfigurationName = Release;
		};
		A03F31FA1781479B006731B9 /* Build configuration list for PBXNativeTarget "jsbindings Mac" */ = {
			isa = XCConfigurationList;
			buildConfigurations = (
				A03F31FB1781479B006731B9 /* Debug */,
				A03F31FC1781479B006731B9 /* Release */,
			);
			defaultConfigurationIsVisible = 0;
			defaultConfigurationName = Release;
		};
		A07A502D178387750073F6A7 /* Build configuration list for PBXNativeTarget "jsbindings iOS" */ = {
			isa = XCConfigurationList;
			buildConfigurations = (
				A07A502E178387750073F6A7 /* Debug */,
				A07A502F178387750073F6A7 /* Release */,
			);
			defaultConfigurationIsVisible = 0;
			defaultConfigurationName = Release;
		};
/* End XCConfigurationList section */
	};
	rootObject = 1551A336158F2AB200E66CFE /* Project object */;
}
