<?xml version="1.0" encoding="utf-8"?>
<Project ToolsVersion="4.0" xmlns="http://schemas.microsoft.com/developer/msbuild/2003">
  <ItemGroup>
    <Filter Include="manual">
      <UniqueIdentifier>{4FC737F1-C7A5-4376-A066-2A32D752A2FF}</UniqueIdentifier>
      <Extensions>cpp;c;cc;cxx;def;odl;idl;hpj;bat;asm;asmx</Extensions>
    </Filter>
    <Filter Include="auto">
      <UniqueIdentifier>{93995380-89BD-4b04-88EB-625FBE52EBFB}</UniqueIdentifier>
      <Extensions>h;hpp;hxx;hm;inl;inc;xsd</Extensions>
    </Filter>
  </ItemGroup>
  <ItemGroup>
    <ClCompile Include="..\auto\jsb_cocos2dx_spine_auto.cpp">
      <Filter>auto</Filter>
    </ClCompile>
    <ClCompile Include="..\manual\spine\jsb_cocos2dx_spine_manual.cpp">
      <Filter>manual</Filter>
    </ClCompile>
  </ItemGroup>
  <ItemGroup>
    <ClInclude Include="..\auto\jsb_cocos2dx_spine_auto.hpp">
      <Filter>auto</Filter>
    </ClInclude>
    <ClInclude Include="..\manual\spine\jsb_cocos2dx_spine_manual.h">
      <Filter>manual</Filter>
    </ClInclude>
  </ItemGroup>
  <ItemGroup>
    <None Include="..\auto\jsb_cocos2dx_spine_auto_api.js">
      <Filter>auto</Filter>
    </None>
  </ItemGroup>
</Project>